// !$*UTF8*$!
{
	archiveVersion = 1;
	classes = {
	};
	objectVersion = 46;
	objects = {

/* Begin PBXBuildFile section */
		CC5766071BEC9979003DA319 /* main.m in Sources */ = {isa = PBXBuildFile; fileRef = CC5766061BEC9979003DA319 /* main.m */; };
		CC57660A1BEC9979003DA319 /* AppDelegate.m in Sources */ = {isa = PBXBuildFile; fileRef = CC5766091BEC9979003DA319 /* AppDelegate.m */; };
		CC57660D1BEC9979003DA319 /* ViewController.m in Sources */ = {isa = PBXBuildFile; fileRef = CC57660C1BEC9979003DA319 /* ViewController.m */; };
		CC5766101BEC9979003DA319 /* Main.storyboard in Resources */ = {isa = PBXBuildFile; fileRef = CC57660E1BEC9979003DA319 /* Main.storyboard */; };
		CC5766121BEC9979003DA319 /* Images.xcassets in Resources */ = {isa = PBXBuildFile; fileRef = CC5766111BEC9979003DA319 /* Images.xcassets */; };
		CC5766151BEC9979003DA319 /* LaunchScreen.xib in Resources */ = {isa = PBXBuildFile; fileRef = CC5766131BEC9979003DA319 /* LaunchScreen.xib */; };
		CC5766211BEC9979003DA319 /* _3_touchesDemoTests.m in Sources */ = {isa = PBXBuildFile; fileRef = CC5766201BEC9979003DA319 /* _3_touchesDemoTests.m */; };
		CC57662C1BEC99BE003DA319 /* CustomTf.m in Sources */ = {isa = PBXBuildFile; fileRef = CC57662B1BEC99BE003DA319 /* CustomTf.m */; };
		CC57662F1BEC9E07003DA319 /* QYview.m in Sources */ = {isa = PBXBuildFile; fileRef = CC57662E1BEC9E07003DA319 /* QYview.m */; };
/* End PBXBuildFile section */

/* Begin PBXContainerItemProxy section */
		CC57661B1BEC9979003DA319 /* PBXContainerItemProxy */ = {
			isa = PBXContainerItemProxy;
			containerPortal = CC5765F91BEC9979003DA319 /* Project object */;
			proxyType = 1;
			remoteGlobalIDString = CC5766001BEC9979003DA319;
			remoteInfo = "03-touchesDemo";
		};
/* End PBXContainerItemProxy section */

/* Begin PBXFileReference section */
		CC5766011BEC9979003DA319 /* 03-touchesDemo.app */ = {isa = PBXFileReference; explicitFileType = wrapper.application; includeInIndex = 0; path = "03-touchesDemo.app"; sourceTree = BUILT_PRODUCTS_DIR; };
		CC5766051BEC9979003DA319 /* Info.plist */ = {isa = PBXFileReference; lastKnownFileType = text.plist.xml; path = Info.plist; sourceTree = "<group>"; };
		CC5766061BEC9979003DA319 /* main.m */ = {isa = PBXFileReference; lastKnownFileType = sourcecode.c.objc; path = main.m; sourceTree = "<group>"; };
		CC5766081BEC9979003DA319 /* AppDelegate.h */ = {isa = PBXFileReference; lastKnownFileType = sourcecode.c.h; path = AppDelegate.h; sourceTree = "<group>"; };
		CC5766091BEC9979003DA319 /* AppDelegate.m */ = {isa = PBXFileReference; lastKnownFileType = sourcecode.c.objc; path = AppDelegate.m; sourceTree = "<group>"; };
		CC57660B1BEC9979003DA319 /* ViewController.h */ = {isa = PBXFileReference; lastKnownFileType = sourcecode.c.h; path = ViewController.h; sourceTree = "<group>"; };
		CC57660C1BEC9979003DA319 /* ViewController.m */ = {isa = PBXFileReference; lastKnownFileType = sourcecode.c.objc; path = ViewController.m; sourceTree = "<group>"; };
		CC57660F1BEC9979003DA319 /* Base */ = {isa = PBXFileReference; lastKnownFileType = file.storyboard; name = Base; path = Base.lproj/Main.storyboard; sourceTree = "<group>"; };
		CC5766111BEC9979003DA319 /* Images.xcassets */ = {isa = PBXFileReference; lastKnownFileType = folder.assetcatalog; path = Images.xcassets; sourceTree = "<group>"; };
		CC5766141BEC9979003DA319 /* Base */ = {isa = PBXFileReference; lastKnownFileType = file.xib; name = Base; path = Base.lproj/LaunchScreen.xib; sourceTree = "<group>"; };
		CC57661A1BEC9979003DA319 /* 03-touchesDemoTests.xctest */ = {isa = PBXFileReference; explicitFileType = wrapper.cfbundle; includeInIndex = 0; path = "03-touchesDemoTests.xctest"; sourceTree = BUILT_PRODUCTS_DIR; };
		CC57661F1BEC9979003DA319 /* Info.plist */ = {isa = PBXFileReference; lastKnownFileType = text.plist.xml; path = Info.plist; sourceTree = "<group>"; };
		CC5766201BEC9979003DA319 /* _3_touchesDemoTests.m */ = {isa = PBXFileReference; lastKnownFileType = sourcecode.c.objc; path = _3_touchesDemoTests.m; sourceTree = "<group>"; };
		CC57662A1BEC99BE003DA319 /* CustomTf.h */ = {isa = PBXFileReference; fileEncoding = 4; lastKnownFileType = sourcecode.c.h; path = CustomTf.h; sourceTree = "<group>"; };
		CC57662B1BEC99BE003DA319 /* CustomTf.m */ = {isa = PBXFileReference; fileEncoding = 4; lastKnownFileType = sourcecode.c.objc; path = CustomTf.m; sourceTree = "<group>"; };
		CC57662D1BEC9E07003DA319 /* QYview.h */ = {isa = PBXFileReference; fileEncoding = 4; lastKnownFileType = sourcecode.c.h; path = QYview.h; sourceTree = "<group>"; };
		CC57662E1BEC9E07003DA319 /* QYview.m */ = {isa = PBXFileReference; fileEncoding = 4; lastKnownFileType = sourcecode.c.objc; path = QYview.m; sourceTree = "<group>"; };
/* End PBXFileReference section */

/* Begin PBXFrameworksBuildPhase section */
		CC5765FE1BEC9979003DA319 /* Frameworks */ = {
			isa = PBXFrameworksBuildPhase;
			buildActionMask = 2147483647;
			files = (
			);
			runOnlyForDeploymentPostprocessing = 0;
		};
		CC5766171BEC9979003DA319 /* Frameworks */ = {
			isa = PBXFrameworksBuildPhase;
			buildActionMask = 2147483647;
			files = (
			);
			runOnlyForDeploymentPostprocessing = 0;
		};
/* End PBXFrameworksBuildPhase section */

/* Begin PBXGroup section */
		CC5765F81BEC9979003DA319 = {
			isa = PBXGroup;
			children = (
				CC5766031BEC9979003DA319 /* 03-touchesDemo */,
				CC57661D1BEC9979003DA319 /* 03-touchesDemoTests */,
				CC5766021BEC9979003DA319 /* Products */,
			);
			sourceTree = "<group>";
		};
		CC5766021BEC9979003DA319 /* Products */ = {
			isa = PBXGroup;
			children = (
				CC5766011BEC9979003DA319 /* 03-touchesDemo.app */,
				CC57661A1BEC9979003DA319 /* 03-touchesDemoTests.xctest */,
			);
			name = Products;
			sourceTree = "<group>";
		};
		CC5766031BEC9979003DA319 /* 03-touchesDemo */ = {
			isa = PBXGroup;
			children = (
				CC5766081BEC9979003DA319 /* AppDelegate.h */,
				CC5766091BEC9979003DA319 /* AppDelegate.m */,
				CC57660B1BEC9979003DA319 /* ViewController.h */,
				CC57660C1BEC9979003DA319 /* ViewController.m */,
				CC57662D1BEC9E07003DA319 /* QYview.h */,
				CC57662E1BEC9E07003DA319 /* QYview.m */,
				CC57662A1BEC99BE003DA319 /* CustomTf.h */,
				CC57662B1BEC99BE003DA319 /* CustomTf.m */,
				CC57660E1BEC9979003DA319 /* Main.storyboard */,
				CC5766111BEC9979003DA319 /* Images.xcassets */,
				CC5766131BEC9979003DA319 /* LaunchScreen.xib */,
				CC5766041BEC9979003DA319 /* Supporting Files */,
			);
			path = "03-touchesDemo";
			sourceTree = "<group>";
		};
		CC5766041BEC9979003DA319 /* Supporting Files */ = {
			isa = PBXGroup;
			children = (
				CC5766051BEC9979003DA319 /* Info.plist */,
				CC5766061BEC9979003DA319 /* main.m */,
			);
			name = "Supporting Files";
			sourceTree = "<group>";
		};
		CC57661D1BEC9979003DA319 /* 03-touchesDemoTests */ = {
			isa = PBXGroup;
			children = (
				CC5766201BEC9979003DA319 /* _3_touchesDemoTests.m */,
				CC57661E1BEC9979003DA319 /* Supporting Files */,
			);
			path = "03-touchesDemoTests";
			sourceTree = "<group>";
		};
		CC57661E1BEC9979003DA319 /* Supporting Files */ = {
			isa = PBXGroup;
			children = (
				CC57661F1BEC9979003DA319 /* Info.plist */,
			);
			name = "Supporting Files";
			sourceTree = "<group>";
		};
/* End PBXGroup section */

/* Begin PBXNativeTarget section */
		CC5766001BEC9979003DA319 /* 03-touchesDemo */ = {
			isa = PBXNativeTarget;
			buildConfigurationList = CC5766241BEC9979003DA319 /* Build configuration list for PBXNativeTarget "03-touchesDemo" */;
			buildPhases = (
				CC5765FD1BEC9979003DA319 /* Sources */,
				CC5765FE1BEC9979003DA319 /* Frameworks */,
				CC5765FF1BEC9979003DA319 /* Resources */,
			);
			buildRules = (
			);
			dependencies = (
			);
			name = "03-touchesDemo";
			productName = "03-touchesDemo";
			productReference = CC5766011BEC9979003DA319 /* 03-touchesDemo.app */;
			productType = "com.apple.product-type.application";
		};
		CC5766191BEC9979003DA319 /* 03-touchesDemoTests */ = {
			isa = PBXNativeTarget;
			buildConfigurationList = CC5766271BEC9979003DA319 /* Build configuration list for PBXNativeTarget "03-touchesDemoTests" */;
			buildPhases = (
				CC5766161BEC9979003DA319 /* Sources */,
				CC5766171BEC9979003DA319 /* Frameworks */,
				CC5766181BEC9979003DA319 /* Resources */,
			);
			buildRules = (
			);
			dependencies = (
				CC57661C1BEC9979003DA319 /* PBXTargetDependency */,
			);
			name = "03-touchesDemoTests";
			productName = "03-touchesDemoTests";
			productReference = CC57661A1BEC9979003DA319 /* 03-touchesDemoTests.xctest */;
			productType = "com.apple.product-type.bundle.unit-test";
		};
/* End PBXNativeTarget section */

/* Begin PBXProject section */
		CC5765F91BEC9979003DA319 /* Project object */ = {
			isa = PBXProject;
			attributes = {
				LastUpgradeCheck = 0630;
				ORGANIZATIONNAME = hnqingyun;
				TargetAttributes = {
					CC5766001BEC9979003DA319 = {
						CreatedOnToolsVersion = 6.3;
					};
					CC5766191BEC9979003DA319 = {
						CreatedOnToolsVersion = 6.3;
						TestTargetID = CC5766001BEC9979003DA319;
					};
				};
			};
			buildConfigurationList = CC5765FC1BEC9979003DA319 /* Build configuration list for PBXProject "03-touchesDemo" */;
			compatibilityVersion = "Xcode 3.2";
			developmentRegion = English;
			hasScannedForEncodings = 0;
			knownRegions = (
				en,
				Base,
			);
			mainGroup = CC5765F81BEC9979003DA319;
			productRefGroup = CC5766021BEC9979003DA319 /* Products */;
			projectDirPath = "";
			projectRoot = "";
			targets = (
				CC5766001BEC9979003DA319 /* 03-touchesDemo */,
				CC5766191BEC9979003DA319 /* 03-touchesDemoTests */,
			);
		};
/* End PBXProject section */

/* Begin PBXResourcesBuildPhase section */
		CC5765FF1BEC9979003DA319 /* Resources */ = {
			isa = PBXResourcesBuildPhase;
			buildActionMask = 2147483647;
			files = (
				CC5766101BEC9979003DA319 /* Main.storyboard in Resources */,
				CC5766151BEC9979003DA319 /* LaunchScreen.xib in Resources */,
				CC5766121BEC9979003DA319 /* Images.xcassets in Resources */,
			);
			runOnlyForDeploymentPostprocessing = 0;
		};
		CC5766181BEC9979003DA319 /* Resources */ = {
			isa = PBXResourcesBuildPhase;
			buildActionMask = 2147483647;
			files = (
			);
			runOnlyForDeploymentPostprocessing = 0;
		};
/* End PBXResourcesBuildPhase section */

/* Begin PBXSourcesBuildPhase section */
		CC5765FD1BEC9979003DA319 /* Sources */ = {
			isa = PBXSourcesBuildPhase;
			buildActionMask = 2147483647;
			files = (
				CC57660D1BEC9979003DA319 /* ViewController.m in Sources */,
				CC57660A1BEC9979003DA319 /* AppDelegate.m in Sources */,
				CC57662C1BEC99BE003DA319 /* CustomTf.m in Sources */,
				CC5766071BEC9979003DA319 /* main.m in Sources */,
				CC57662F1BEC9E07003DA319 /* QYview.m in Sources */,
			);
			runOnlyForDeploymentPostprocessing = 0;
		};
		CC5766161BEC9979003DA319 /* Sources */ = {
			isa = PBXSourcesBuildPhase;
			buildActionMask = 2147483647;
			files = (
				CC5766211BEC9979003DA319 /* _3_touchesDemoTests.m in Sources */,
			);
			runOnlyForDeploymentPostprocessing = 0;
		};
/* End PBXSourcesBuildPhase section */

/* Begin PBXTargetDependency section */
		CC57661C1BEC9979003DA319 /* PBXTargetDependency */ = {
			isa = PBXTargetDependency;
			target = CC5766001BEC9979003DA319 /* 03-touchesDemo */;
			targetProxy = CC57661B1BEC9979003DA319 /* PBXContainerItemProxy */;
		};
/* End PBXTargetDependency section */

/* Begin PBXVariantGroup section */
		CC57660E1BEC9979003DA319 /* Main.storyboard */ = {
			isa = PBXVariantGroup;
			children = (
				CC57660F1BEC9979003DA319 /* Base */,
			);
			name = Main.storyboard;
			sourceTree = "<group>";
		};
		CC5766131BEC9979003DA319 /* LaunchScreen.xib */ = {
			isa = PBXVariantGroup;
			children = (
				CC5766141BEC9979003DA319 /* Base */,
			);
			name = LaunchScreen.xib;
			sourceTree = "<group>";
		};
/* End PBXVariantGroup section */

/* Begin XCBuildConfiguration section */
		CC5766221BEC9979003DA319 /* Debug */ = {
			isa = XCBuildConfiguration;
			buildSettings = {
				ALWAYS_SEARCH_USER_PATHS = NO;
				CLANG_CXX_LANGUAGE_STANDARD = "gnu++0x";
				CLANG_CXX_LIBRARY = "libc++";
				CLANG_ENABLE_MODULES = YES;
				CLANG_ENABLE_OBJC_ARC = YES;
				CLANG_WARN_BOOL_CONVERSION = YES;
				CLANG_WARN_CONSTANT_CONVERSION = YES;
				CLANG_WARN_DIRECT_OBJC_ISA_USAGE = YES_ERROR;
				CLANG_WARN_EMPTY_BODY = YES;
				CLANG_WARN_ENUM_CONVERSION = YES;
				CLANG_WARN_INT_CONVERSION = YES;
				CLANG_WARN_OBJC_ROOT_CLASS = YES_ERROR;
				CLANG_WARN_UNREACHABLE_CODE = YES;
				CLANG_WARN__DUPLICATE_METHOD_MATCH = YES;
				"CODE_SIGN_IDENTITY[sdk=iphoneos*]" = "iPhone Developer";
				COPY_PHASE_STRIP = NO;
				DEBUG_INFORMATION_FORMAT = "dwarf-with-dsym";
				ENABLE_STRICT_OBJC_MSGSEND = YES;
				GCC_C_LANGUAGE_STANDARD = gnu99;
				GCC_DYNAMIC_NO_PIC = NO;
				GCC_NO_COMMON_BLOCKS = YES;
				GCC_OPTIMIZATION_LEVEL = 0;
				GCC_PREPROCESSOR_DEFINITIONS = (
					"DEBUG=1",
					"$(inherited)",
				);
				GCC_SYMBOLS_PRIVATE_EXTERN = NO;
				GCC_WARN_64_TO_32_BIT_CONVERSION = YES;
				GCC_WARN_ABOUT_RETURN_TYPE = YES_ERROR;
				GCC_WARN_UNDECLARED_SELECTOR = YES;
				GCC_WARN_UNINITIALIZED_AUTOS = YES_AGGRESSIVE;
				GCC_WARN_UNUSED_FUNCTION = YES;
				GCC_WARN_UNUSED_VARIABLE = YES;
				IPHONEOS_DEPLOYMENT_TARGET = 8.3;
				MTL_ENABLE_DEBUG_INFO = YES;
				ONLY_ACTIVE_ARCH = YES;
				SDKROOT = iphoneos;
			};
			name = Debug;
		};
		CC5766231BEC9979003DA319 /* Release */ = {
			isa = XCBuildConfiguration;
			buildSettings = {
				ALWAYS_SEARCH_USER_PATHS = NO;
				CLANG_CXX_LANGUAGE_STANDARD = "gnu++0x";
				CLANG_CXX_LIBRARY = "libc++";
				CLANG_ENABLE_MODULES = YES;
				CLANG_ENABLE_OBJC_ARC = YES;
				CLANG_WARN_BOOL_CONVERSION = YES;
				CLANG_WARN_CONSTANT_CONVERSION = YES;
				CLANG_WARN_DIRECT_OBJC_ISA_USAGE = YES_ERROR;
				CLANG_WARN_EMPTY_BODY = YES;
				CLANG_WARN_ENUM_CONVERSION = YES;
				CLANG_WARN_INT_CONVERSION = YES;
				CLANG_WARN_OBJC_ROOT_CLASS = YES_ERROR;
				CLANG_WARN_UNREACHABLE_CODE = YES;
				CLANG_WARN__DUPLICATE_METHOD_MATCH = YES;
				"CODE_SIGN_IDENTITY[sdk=iphoneos*]" = "iPhone Developer";
				COPY_PHASE_STRIP = NO;
				DEBUG_INFORMATION_FORMAT = "dwarf-with-dsym";
				ENABLE_NS_ASSERTIONS = NO;
				ENABLE_STRICT_OBJC_MSGSEND = YES;
				GCC_C_LANGUAGE_STANDARD = gnu99;
				GCC_NO_COMMON_BLOCKS = YES;
				GCC_WARN_64_TO_32_BIT_CONVERSION = YES;
				GCC_WARN_ABOUT_RETURN_TYPE = YES_ERROR;
				GCC_WARN_UNDECLARED_SELECTOR = YES;
				GCC_WARN_UNINITIALIZED_AUTOS = YES_AGGRESSIVE;
				GCC_WARN_UNUSED_FUNCTION = YES;
				GCC_WARN_UNUSED_VARIABLE = YES;
				IPHONEOS_DEPLOYMENT_TARGET = 8.3;
				MTL_ENABLE_DEBUG_INFO = NO;
				SDKROOT = iphoneos;
				VALIDATE_PRODUCT = YES;
			};
			name = Release;
		};
		CC5766251BEC9979003DA319 /* Debug */ = {
			isa = XCBuildConfiguration;
			buildSettings = {
				ASSETCATALOG_COMPILER_APPICON_NAME = AppIcon;
				INFOPLIST_FILE = "03-touchesDemo/Info.plist";
				LD_RUNPATH_SEARCH_PATHS = "$(inherited) @executable_path/Frameworks";
				PRODUCT_NAME = "$(TARGET_NAME)";
			};
			name = Debug;
		};
		CC5766261BEC9979003DA319 /* Release */ = {
			isa = XCBuildConfiguration;
			buildSettings = {
				ASSETCATALOG_COMPILER_APPICON_NAME = AppIcon;
				INFOPLIST_FILE = "03-touchesDemo/Info.plist";
				LD_RUNPATH_SEARCH_PATHS = "$(inherited) @executable_path/Frameworks";
				PRODUCT_NAME = "$(TARGET_NAME)";
			};
			name = Release;
		};
		CC5766281BEC9979003DA319 /* Debug */ = {
			isa = XCBuildConfiguration;
			buildSettings = {
				BUNDLE_LOADER = "$(TEST_HOST)";
				FRAMEWORK_SEARCH_PATHS = (
					"$(SDKROOT)/Developer/Library/Frameworks",
					"$(inherited)",
				);
				GCC_PREPROCESSOR_DEFINITIONS = (
					"DEBUG=1",
					"$(inherited)",
				);
				INFOPLIST_FILE = "03-touchesDemoTests/Info.plist";
				LD_RUNPATH_SEARCH_PATHS = "$(inherited) @executable_path/Frameworks @loader_path/Frameworks";
				PRODUCT_NAME = "$(TARGET_NAME)";
				TEST_HOST = "$(BUILT_PRODUCTS_DIR)/03-touchesDemo.app/03-touchesDemo";
			};
			name = Debug;
		};
		CC5766291BEC9979003DA319 /* Release */ = {
			isa = XCBuildConfiguration;
			buildSettings = {
				BUNDLE_LOADER = "$(TEST_HOST)";
				FRAMEWORK_SEARCH_PATHS = (
					"$(SDKROOT)/Developer/Library/Frameworks",
					"$(inherited)",
				);
				INFOPLIST_FILE = "03-touchesDemoTests/Info.plist";
				LD_RUNPATH_SEARCH_PATHS = "$(inherited) @executable_path/Frameworks @loader_path/Frameworks";
				PRODUCT_NAME = "$(TARGET_NAME)";
				TEST_HOST = "$(BUILT_PRODUCTS_DIR)/03-touchesDemo.app/03-touchesDemo";
			};
			name = Release;
		};
/* End XCBuildConfiguration section */

/* Begin XCConfigurationList section */
		CC5765FC1BEC9979003DA319 /* Build configuration list for PBXProject "03-touchesDemo" */ = {
			isa = XCConfigurationList;
			buildConfigurations = (
				CC5766221BEC9979003DA319 /* Debug */,
				CC5766231BEC9979003DA319 /* Release */,
			);
			defaultConfigurationIsVisible = 0;
			defaultConfigurationName = Release;
		};
		CC5766241BEC9979003DA319 /* Build configuration list for PBXNativeTarget "03-touchesDemo" */ = {
			isa = XCConfigurationList;
			buildConfigurations = (
				CC5766251BEC9979003DA319 /* Debug */,
				CC5766261BEC9979003DA319 /* Release */,
			);
			defaultConfigurationIsVisible = 0;
		};
		CC5766271BEC9979003DA319 /* Build configuration list for PBXNativeTarget "03-touchesDemoTests" */ = {
			isa = XCConfigurationList;
			buildConfigurations = (
				CC5766281BEC9979003DA319 /* Debug */,
				CC5766291BEC9979003DA319 /* Release */,
			);
			defaultConfigurationIsVisible = 0;
		};
/* End XCConfigurationList section */
	};
	rootObject = CC5765F91BEC9979003DA319 /* Project object */;
}
