// !$*UTF8*$!
{
	archiveVersion = 1;
	classes = {
	};
	objectVersion = 46;
	objects = {

/* Begin PBXBuildFile section */
		CC18DCCB1BFB064E00D607D9 /* main.m in Sources */ = {isa = PBXBuildFile; fileRef = CC18DCCA1BFB064E00D607D9 /* main.m */; };
		CC18DCCE1BFB064E00D607D9 /* AppDelegate.m in Sources */ = {isa = PBXBuildFile; fileRef = CC18DCCD1BFB064E00D607D9 /* AppDelegate.m */; };
		CC18DCD11BFB064E00D607D9 /* ViewController.m in Sources */ = {isa = PBXBuildFile; fileRef = CC18DCD01BFB064E00D607D9 /* ViewController.m */; };
		CC18DCD41BFB064E00D607D9 /* Main.storyboard in Resources */ = {isa = PBXBuildFile; fileRef = CC18DCD21BFB064E00D607D9 /* Main.storyboard */; };
		CC18DCD61BFB064E00D607D9 /* Images.xcassets in Resources */ = {isa = PBXBuildFile; fileRef = CC18DCD51BFB064E00D607D9 /* Images.xcassets */; };
		CC18DCD91BFB064E00D607D9 /* LaunchScreen.xib in Resources */ = {isa = PBXBuildFile; fileRef = CC18DCD71BFB064E00D607D9 /* LaunchScreen.xib */; };
		CC18DCE51BFB064E00D607D9 /* _1_AFnetWorkingDemoTests.m in Sources */ = {isa = PBXBuildFile; fileRef = CC18DCE41BFB064E00D607D9 /* _1_AFnetWorkingDemoTests.m */; };
		CC18DD021BFB068600D607D9 /* AFHTTPRequestOperation.m in Sources */ = {isa = PBXBuildFile; fileRef = CC18DCF01BFB068600D607D9 /* AFHTTPRequestOperation.m */; };
		CC18DD031BFB068600D607D9 /* AFHTTPRequestOperationManager.m in Sources */ = {isa = PBXBuildFile; fileRef = CC18DCF21BFB068600D607D9 /* AFHTTPRequestOperationManager.m */; };
		CC18DD041BFB068600D607D9 /* AFHTTPSessionManager.m in Sources */ = {isa = PBXBuildFile; fileRef = CC18DCF41BFB068600D607D9 /* AFHTTPSessionManager.m */; };
		CC18DD051BFB068600D607D9 /* AFNetworkReachabilityManager.m in Sources */ = {isa = PBXBuildFile; fileRef = CC18DCF71BFB068600D607D9 /* AFNetworkReachabilityManager.m */; };
		CC18DD061BFB068600D607D9 /* AFSecurityPolicy.m in Sources */ = {isa = PBXBuildFile; fileRef = CC18DCF91BFB068600D607D9 /* AFSecurityPolicy.m */; };
		CC18DD071BFB068600D607D9 /* AFURLConnectionOperation.m in Sources */ = {isa = PBXBuildFile; fileRef = CC18DCFB1BFB068600D607D9 /* AFURLConnectionOperation.m */; };
		CC18DD081BFB068600D607D9 /* AFURLRequestSerialization.m in Sources */ = {isa = PBXBuildFile; fileRef = CC18DCFD1BFB068600D607D9 /* AFURLRequestSerialization.m */; };
		CC18DD091BFB068600D607D9 /* AFURLResponseSerialization.m in Sources */ = {isa = PBXBuildFile; fileRef = CC18DCFF1BFB068600D607D9 /* AFURLResponseSerialization.m */; };
		CC18DD0A1BFB068600D607D9 /* AFURLSessionManager.m in Sources */ = {isa = PBXBuildFile; fileRef = CC18DD011BFB068600D607D9 /* AFURLSessionManager.m */; };
		CC18DD0D1BFB088400D607D9 /* AFHTTPRequestOperationViewController.m in Sources */ = {isa = PBXBuildFile; fileRef = CC18DD0C1BFB088400D607D9 /* AFHTTPRequestOperationViewController.m */; };
		CC18DD111BFB171D00D607D9 /* AFHttpOperationMagViewController.m in Sources */ = {isa = PBXBuildFile; fileRef = CC18DD0F1BFB171D00D607D9 /* AFHttpOperationMagViewController.m */; };
		CC18DD121BFB171D00D607D9 /* AFHttpOperationMagViewController.xib in Resources */ = {isa = PBXBuildFile; fileRef = CC18DD101BFB171D00D607D9 /* AFHttpOperationMagViewController.xib */; };
		CC18DD141BFB230600D607D9 /* 1.jpg in Resources */ = {isa = PBXBuildFile; fileRef = CC18DD131BFB230600D607D9 /* 1.jpg */; };
		CC18DD181BFB285D00D607D9 /* AFURLsessionMagViewController.m in Sources */ = {isa = PBXBuildFile; fileRef = CC18DD161BFB285D00D607D9 /* AFURLsessionMagViewController.m */; };
		CC18DD191BFB285D00D607D9 /* AFURLsessionMagViewController.xib in Resources */ = {isa = PBXBuildFile; fileRef = CC18DD171BFB285D00D607D9 /* AFURLsessionMagViewController.xib */; };
/* End PBXBuildFile section */

/* Begin PBXContainerItemProxy section */
		CC18DCDF1BFB064E00D607D9 /* PBXContainerItemProxy */ = {
			isa = PBXContainerItemProxy;
			containerPortal = CC18DCBD1BFB064E00D607D9 /* Project object */;
			proxyType = 1;
			remoteGlobalIDString = CC18DCC41BFB064E00D607D9;
			remoteInfo = "01-AFnetWorkingDemo";
		};
/* End PBXContainerItemProxy section */

/* Begin PBXFileReference section */
		CC18DCC51BFB064E00D607D9 /* 01-AFnetWorkingDemo.app */ = {isa = PBXFileReference; explicitFileType = wrapper.application; includeInIndex = 0; path = "01-AFnetWorkingDemo.app"; sourceTree = BUILT_PRODUCTS_DIR; };
		CC18DCC91BFB064E00D607D9 /* Info.plist */ = {isa = PBXFileReference; lastKnownFileType = text.plist.xml; path = Info.plist; sourceTree = "<group>"; };
		CC18DCCA1BFB064E00D607D9 /* main.m */ = {isa = PBXFileReference; lastKnownFileType = sourcecode.c.objc; path = main.m; sourceTree = "<group>"; };
		CC18DCCC1BFB064E00D607D9 /* AppDelegate.h */ = {isa = PBXFileReference; lastKnownFileType = sourcecode.c.h; path = AppDelegate.h; sourceTree = "<group>"; };
		CC18DCCD1BFB064E00D607D9 /* AppDelegate.m */ = {isa = PBXFileReference; lastKnownFileType = sourcecode.c.objc; path = AppDelegate.m; sourceTree = "<group>"; };
		CC18DCCF1BFB064E00D607D9 /* ViewController.h */ = {isa = PBXFileReference; lastKnownFileType = sourcecode.c.h; path = ViewController.h; sourceTree = "<group>"; };
		CC18DCD01BFB064E00D607D9 /* ViewController.m */ = {isa = PBXFileReference; lastKnownFileType = sourcecode.c.objc; path = ViewController.m; sourceTree = "<group>"; };
		CC18DCD31BFB064E00D607D9 /* Base */ = {isa = PBXFileReference; lastKnownFileType = file.storyboard; name = Base; path = Base.lproj/Main.storyboard; sourceTree = "<group>"; };
		CC18DCD51BFB064E00D607D9 /* Images.xcassets */ = {isa = PBXFileReference; lastKnownFileType = folder.assetcatalog; path = Images.xcassets; sourceTree = "<group>"; };
		CC18DCD81BFB064E00D607D9 /* Base */ = {isa = PBXFileReference; lastKnownFileType = file.xib; name = Base; path = Base.lproj/LaunchScreen.xib; sourceTree = "<group>"; };
		CC18DCDE1BFB064E00D607D9 /* 01-AFnetWorkingDemoTests.xctest */ = {isa = PBXFileReference; explicitFileType = wrapper.cfbundle; includeInIndex = 0; path = "01-AFnetWorkingDemoTests.xctest"; sourceTree = BUILT_PRODUCTS_DIR; };
		CC18DCE31BFB064E00D607D9 /* Info.plist */ = {isa = PBXFileReference; lastKnownFileType = text.plist.xml; path = Info.plist; sourceTree = "<group>"; };
		CC18DCE41BFB064E00D607D9 /* _1_AFnetWorkingDemoTests.m */ = {isa = PBXFileReference; lastKnownFileType = sourcecode.c.objc; path = _1_AFnetWorkingDemoTests.m; sourceTree = "<group>"; };
		CC18DCEF1BFB068600D607D9 /* AFHTTPRequestOperation.h */ = {isa = PBXFileReference; fileEncoding = 4; lastKnownFileType = sourcecode.c.h; path = AFHTTPRequestOperation.h; sourceTree = "<group>"; };
		CC18DCF01BFB068600D607D9 /* AFHTTPRequestOperation.m */ = {isa = PBXFileReference; fileEncoding = 4; lastKnownFileType = sourcecode.c.objc; path = AFHTTPRequestOperation.m; sourceTree = "<group>"; };
		CC18DCF11BFB068600D607D9 /* AFHTTPRequestOperationManager.h */ = {isa = PBXFileReference; fileEncoding = 4; lastKnownFileType = sourcecode.c.h; path = AFHTTPRequestOperationManager.h; sourceTree = "<group>"; };
		CC18DCF21BFB068600D607D9 /* AFHTTPRequestOperationManager.m */ = {isa = PBXFileReference; fileEncoding = 4; lastKnownFileType = sourcecode.c.objc; path = AFHTTPRequestOperationManager.m; sourceTree = "<group>"; };
		CC18DCF31BFB068600D607D9 /* AFHTTPSessionManager.h */ = {isa = PBXFileReference; fileEncoding = 4; lastKnownFileType = sourcecode.c.h; path = AFHTTPSessionManager.h; sourceTree = "<group>"; };
		CC18DCF41BFB068600D607D9 /* AFHTTPSessionManager.m */ = {isa = PBXFileReference; fileEncoding = 4; lastKnownFileType = sourcecode.c.objc; path = AFHTTPSessionManager.m; sourceTree = "<group>"; };
		CC18DCF51BFB068600D607D9 /* AFNetworking.h */ = {isa = PBXFileReference; fileEncoding = 4; lastKnownFileType = sourcecode.c.h; path = AFNetworking.h; sourceTree = "<group>"; };
		CC18DCF61BFB068600D607D9 /* AFNetworkReachabilityManager.h */ = {isa = PBXFileReference; fileEncoding = 4; lastKnownFileType = sourcecode.c.h; path = AFNetworkReachabilityManager.h; sourceTree = "<group>"; };
		CC18DCF71BFB068600D607D9 /* AFNetworkReachabilityManager.m */ = {isa = PBXFileReference; fileEncoding = 4; lastKnownFileType = sourcecode.c.objc; path = AFNetworkReachabilityManager.m; sourceTree = "<group>"; };
		CC18DCF81BFB068600D607D9 /* AFSecurityPolicy.h */ = {isa = PBXFileReference; fileEncoding = 4; lastKnownFileType = sourcecode.c.h; path = AFSecurityPolicy.h; sourceTree = "<group>"; };
		CC18DCF91BFB068600D607D9 /* AFSecurityPolicy.m */ = {isa = PBXFileReference; fileEncoding = 4; lastKnownFileType = sourcecode.c.objc; path = AFSecurityPolicy.m; sourceTree = "<group>"; };
		CC18DCFA1BFB068600D607D9 /* AFURLConnectionOperation.h */ = {isa = PBXFileReference; fileEncoding = 4; lastKnownFileType = sourcecode.c.h; path = AFURLConnectionOperation.h; sourceTree = "<group>"; };
		CC18DCFB1BFB068600D607D9 /* AFURLConnectionOperation.m */ = {isa = PBXFileReference; fileEncoding = 4; lastKnownFileType = sourcecode.c.objc; path = AFURLConnectionOperation.m; sourceTree = "<group>"; };
		CC18DCFC1BFB068600D607D9 /* AFURLRequestSerialization.h */ = {isa = PBXFileReference; fileEncoding = 4; lastKnownFileType = sourcecode.c.h; path = AFURLRequestSerialization.h; sourceTree = "<group>"; };
		CC18DCFD1BFB068600D607D9 /* AFURLRequestSerialization.m */ = {isa = PBXFileReference; fileEncoding = 4; lastKnownFileType = sourcecode.c.objc; path = AFURLRequestSerialization.m; sourceTree = "<group>"; };
		CC18DCFE1BFB068600D607D9 /* AFURLResponseSerialization.h */ = {isa = PBXFileReference; fileEncoding = 4; lastKnownFileType = sourcecode.c.h; path = AFURLResponseSerialization.h; sourceTree = "<group>"; };
		CC18DCFF1BFB068600D607D9 /* AFURLResponseSerialization.m */ = {isa = PBXFileReference; fileEncoding = 4; lastKnownFileType = sourcecode.c.objc; path = AFURLResponseSerialization.m; sourceTree = "<group>"; };
		CC18DD001BFB068600D607D9 /* AFURLSessionManager.h */ = {isa = PBXFileReference; fileEncoding = 4; lastKnownFileType = sourcecode.c.h; path = AFURLSessionManager.h; sourceTree = "<group>"; };
		CC18DD011BFB068600D607D9 /* AFURLSessionManager.m */ = {isa = PBXFileReference; fileEncoding = 4; lastKnownFileType = sourcecode.c.objc; path = AFURLSessionManager.m; sourceTree = "<group>"; };
		CC18DD0B1BFB088400D607D9 /* AFHTTPRequestOperationViewController.h */ = {isa = PBXFileReference; fileEncoding = 4; lastKnownFileType = sourcecode.c.h; path = AFHTTPRequestOperationViewController.h; sourceTree = "<group>"; };
		CC18DD0C1BFB088400D607D9 /* AFHTTPRequestOperationViewController.m */ = {isa = PBXFileReference; fileEncoding = 4; lastKnownFileType = sourcecode.c.objc; path = AFHTTPRequestOperationViewController.m; sourceTree = "<group>"; };
		CC18DD0E1BFB171D00D607D9 /* AFHttpOperationMagViewController.h */ = {isa = PBXFileReference; fileEncoding = 4; lastKnownFileType = sourcecode.c.h; path = AFHttpOperationMagViewController.h; sourceTree = "<group>"; };
		CC18DD0F1BFB171D00D607D9 /* AFHttpOperationMagViewController.m */ = {isa = PBXFileReference; fileEncoding = 4; lastKnownFileType = sourcecode.c.objc; path = AFHttpOperationMagViewController.m; sourceTree = "<group>"; };
		CC18DD101BFB171D00D607D9 /* AFHttpOperationMagViewController.xib */ = {isa = PBXFileReference; fileEncoding = 4; lastKnownFileType = file.xib; path = AFHttpOperationMagViewController.xib; sourceTree = "<group>"; };
		CC18DD131BFB230600D607D9 /* 1.jpg */ = {isa = PBXFileReference; lastKnownFileType = image.jpeg; path = 1.jpg; sourceTree = "<group>"; };
		CC18DD151BFB285D00D607D9 /* AFURLsessionMagViewController.h */ = {isa = PBXFileReference; fileEncoding = 4; lastKnownFileType = sourcecode.c.h; path = AFURLsessionMagViewController.h; sourceTree = "<group>"; };
		CC18DD161BFB285D00D607D9 /* AFURLsessionMagViewController.m */ = {isa = PBXFileReference; fileEncoding = 4; lastKnownFileType = sourcecode.c.objc; path = AFURLsessionMagViewController.m; sourceTree = "<group>"; };
		CC18DD171BFB285D00D607D9 /* AFURLsessionMagViewController.xib */ = {isa = PBXFileReference; fileEncoding = 4; lastKnownFileType = file.xib; path = AFURLsessionMagViewController.xib; sourceTree = "<group>"; };
/* End PBXFileReference section */

/* Begin PBXFrameworksBuildPhase section */
		CC18DCC21BFB064E00D607D9 /* Frameworks */ = {
			isa = PBXFrameworksBuildPhase;
			buildActionMask = 2147483647;
			files = (
			);
			runOnlyForDeploymentPostprocessing = 0;
		};
		CC18DCDB1BFB064E00D607D9 /* Frameworks */ = {
			isa = PBXFrameworksBuildPhase;
			buildActionMask = 2147483647;
			files = (
			);
			runOnlyForDeploymentPostprocessing = 0;
		};
/* End PBXFrameworksBuildPhase section */

/* Begin PBXGroup section */
		CC18DCBC1BFB064E00D607D9 = {
			isa = PBXGroup;
			children = (
				CC18DCC71BFB064E00D607D9 /* 01-AFnetWorkingDemo */,
				CC18DCE11BFB064E00D607D9 /* 01-AFnetWorkingDemoTests */,
				CC18DCC61BFB064E00D607D9 /* Products */,
			);
			sourceTree = "<group>";
		};
		CC18DCC61BFB064E00D607D9 /* Products */ = {
			isa = PBXGroup;
			children = (
				CC18DCC51BFB064E00D607D9 /* 01-AFnetWorkingDemo.app */,
				CC18DCDE1BFB064E00D607D9 /* 01-AFnetWorkingDemoTests.xctest */,
			);
			name = Products;
			sourceTree = "<group>";
		};
		CC18DCC71BFB064E00D607D9 /* 01-AFnetWorkingDemo */ = {
			isa = PBXGroup;
			children = (
				CC18DCEE1BFB068600D607D9 /* AFNetworking */,
				CC18DCCC1BFB064E00D607D9 /* AppDelegate.h */,
				CC18DCCD1BFB064E00D607D9 /* AppDelegate.m */,
				CC18DCCF1BFB064E00D607D9 /* ViewController.h */,
				CC18DCD01BFB064E00D607D9 /* ViewController.m */,
				CC18DD0B1BFB088400D607D9 /* AFHTTPRequestOperationViewController.h */,
				CC18DD0C1BFB088400D607D9 /* AFHTTPRequestOperationViewController.m */,
				CC18DD0E1BFB171D00D607D9 /* AFHttpOperationMagViewController.h */,
				CC18DD0F1BFB171D00D607D9 /* AFHttpOperationMagViewController.m */,
				CC18DD101BFB171D00D607D9 /* AFHttpOperationMagViewController.xib */,
				CC18DD151BFB285D00D607D9 /* AFURLsessionMagViewController.h */,
				CC18DD161BFB285D00D607D9 /* AFURLsessionMagViewController.m */,
				CC18DD171BFB285D00D607D9 /* AFURLsessionMagViewController.xib */,
				CC18DCD21BFB064E00D607D9 /* Main.storyboard */,
				CC18DCD51BFB064E00D607D9 /* Images.xcassets */,
				CC18DCD71BFB064E00D607D9 /* LaunchScreen.xib */,
				CC18DCC81BFB064E00D607D9 /* Supporting Files */,
			);
			path = "01-AFnetWorkingDemo";
			sourceTree = "<group>";
		};
		CC18DCC81BFB064E00D607D9 /* Supporting Files */ = {
			isa = PBXGroup;
			children = (
				CC18DCC91BFB064E00D607D9 /* Info.plist */,
				CC18DCCA1BFB064E00D607D9 /* main.m */,
				CC18DD131BFB230600D607D9 /* 1.jpg */,
			);
			name = "Supporting Files";
			sourceTree = "<group>";
		};
		CC18DCE11BFB064E00D607D9 /* 01-AFnetWorkingDemoTests */ = {
			isa = PBXGroup;
			children = (
				CC18DCE41BFB064E00D607D9 /* _1_AFnetWorkingDemoTests.m */,
				CC18DCE21BFB064E00D607D9 /* Supporting Files */,
			);
			path = "01-AFnetWorkingDemoTests";
			sourceTree = "<group>";
		};
		CC18DCE21BFB064E00D607D9 /* Supporting Files */ = {
			isa = PBXGroup;
			children = (
				CC18DCE31BFB064E00D607D9 /* Info.plist */,
			);
			name = "Supporting Files";
			sourceTree = "<group>";
		};
		CC18DCEE1BFB068600D607D9 /* AFNetworking */ = {
			isa = PBXGroup;
			children = (
				CC18DCEF1BFB068600D607D9 /* AFHTTPRequestOperation.h */,
				CC18DCF01BFB068600D607D9 /* AFHTTPRequestOperation.m */,
				CC18DCF11BFB068600D607D9 /* AFHTTPRequestOperationManager.h */,
				CC18DCF21BFB068600D607D9 /* AFHTTPRequestOperationManager.m */,
				CC18DCF31BFB068600D607D9 /* AFHTTPSessionManager.h */,
				CC18DCF41BFB068600D607D9 /* AFHTTPSessionManager.m */,
				CC18DCF51BFB068600D607D9 /* AFNetworking.h */,
				CC18DCF61BFB068600D607D9 /* AFNetworkReachabilityManager.h */,
				CC18DCF71BFB068600D607D9 /* AFNetworkReachabilityManager.m */,
				CC18DCF81BFB068600D607D9 /* AFSecurityPolicy.h */,
				CC18DCF91BFB068600D607D9 /* AFSecurityPolicy.m */,
				CC18DCFA1BFB068600D607D9 /* AFURLConnectionOperation.h */,
				CC18DCFB1BFB068600D607D9 /* AFURLConnectionOperation.m */,
				CC18DCFC1BFB068600D607D9 /* AFURLRequestSerialization.h */,
				CC18DCFD1BFB068600D607D9 /* AFURLRequestSerialization.m */,
				CC18DCFE1BFB068600D607D9 /* AFURLResponseSerialization.h */,
				CC18DCFF1BFB068600D607D9 /* AFURLResponseSerialization.m */,
				CC18DD001BFB068600D607D9 /* AFURLSessionManager.h */,
				CC18DD011BFB068600D607D9 /* AFURLSessionManager.m */,
			);
			path = AFNetworking;
			sourceTree = "<group>";
		};
/* End PBXGroup section */

/* Begin PBXNativeTarget section */
		CC18DCC41BFB064E00D607D9 /* 01-AFnetWorkingDemo */ = {
			isa = PBXNativeTarget;
			buildConfigurationList = CC18DCE81BFB064E00D607D9 /* Build configuration list for PBXNativeTarget "01-AFnetWorkingDemo" */;
			buildPhases = (
				CC18DCC11BFB064E00D607D9 /* Sources */,
				CC18DCC21BFB064E00D607D9 /* Frameworks */,
				CC18DCC31BFB064E00D607D9 /* Resources */,
			);
			buildRules = (
			);
			dependencies = (
			);
			name = "01-AFnetWorkingDemo";
			productName = "01-AFnetWorkingDemo";
			productReference = CC18DCC51BFB064E00D607D9 /* 01-AFnetWorkingDemo.app */;
			productType = "com.apple.product-type.application";
		};
		CC18DCDD1BFB064E00D607D9 /* 01-AFnetWorkingDemoTests */ = {
			isa = PBXNativeTarget;
			buildConfigurationList = CC18DCEB1BFB064E00D607D9 /* Build configuration list for PBXNativeTarget "01-AFnetWorkingDemoTests" */;
			buildPhases = (
				CC18DCDA1BFB064E00D607D9 /* Sources */,
				CC18DCDB1BFB064E00D607D9 /* Frameworks */,
				CC18DCDC1BFB064E00D607D9 /* Resources */,
			);
			buildRules = (
			);
			dependencies = (
				CC18DCE01BFB064E00D607D9 /* PBXTargetDependency */,
			);
			name = "01-AFnetWorkingDemoTests";
			productName = "01-AFnetWorkingDemoTests";
			productReference = CC18DCDE1BFB064E00D607D9 /* 01-AFnetWorkingDemoTests.xctest */;
			productType = "com.apple.product-type.bundle.unit-test";
		};
/* End PBXNativeTarget section */

/* Begin PBXProject section */
		CC18DCBD1BFB064E00D607D9 /* Project object */ = {
			isa = PBXProject;
			attributes = {
				LastUpgradeCheck = 0630;
				ORGANIZATIONNAME = hnqingyun;
				TargetAttributes = {
					CC18DCC41BFB064E00D607D9 = {
						CreatedOnToolsVersion = 6.3;
					};
					CC18DCDD1BFB064E00D607D9 = {
						CreatedOnToolsVersion = 6.3;
						TestTargetID = CC18DCC41BFB064E00D607D9;
					};
				};
			};
			buildConfigurationList = CC18DCC01BFB064E00D607D9 /* Build configuration list for PBXProject "01-AFnetWorkingDemo" */;
			compatibilityVersion = "Xcode 3.2";
			developmentRegion = English;
			hasScannedForEncodings = 0;
			knownRegions = (
				en,
				Base,
			);
			mainGroup = CC18DCBC1BFB064E00D607D9;
			productRefGroup = CC18DCC61BFB064E00D607D9 /* Products */;
			projectDirPath = "";
			projectRoot = "";
			targets = (
				CC18DCC41BFB064E00D607D9 /* 01-AFnetWorkingDemo */,
				CC18DCDD1BFB064E00D607D9 /* 01-AFnetWorkingDemoTests */,
			);
		};
/* End PBXProject section */

/* Begin PBXResourcesBuildPhase section */
		CC18DCC31BFB064E00D607D9 /* Resources */ = {
			isa = PBXResourcesBuildPhase;
			buildActionMask = 2147483647;
			files = (
				CC18DD191BFB285D00D607D9 /* AFURLsessionMagViewController.xib in Resources */,
				CC18DD141BFB230600D607D9 /* 1.jpg in Resources */,
				CC18DCD41BFB064E00D607D9 /* Main.storyboard in Resources */,
				CC18DD121BFB171D00D607D9 /* AFHttpOperationMagViewController.xib in Resources */,
				CC18DCD91BFB064E00D607D9 /* LaunchScreen.xib in Resources */,
				CC18DCD61BFB064E00D607D9 /* Images.xcassets in Resources */,
			);
			runOnlyForDeploymentPostprocessing = 0;
		};
		CC18DCDC1BFB064E00D607D9 /* Resources */ = {
			isa = PBXResourcesBuildPhase;
			buildActionMask = 2147483647;
			files = (
			);
			runOnlyForDeploymentPostprocessing = 0;
		};
/* End PBXResourcesBuildPhase section */

/* Begin PBXSourcesBuildPhase section */
		CC18DCC11BFB064E00D607D9 /* Sources */ = {
			isa = PBXSourcesBuildPhase;
			buildActionMask = 2147483647;
			files = (
				CC18DD021BFB068600D607D9 /* AFHTTPRequestOperation.m in Sources */,
				CC18DCD11BFB064E00D607D9 /* ViewController.m in Sources */,
				CC18DD031BFB068600D607D9 /* AFHTTPRequestOperationManager.m in Sources */,
				CC18DD051BFB068600D607D9 /* AFNetworkReachabilityManager.m in Sources */,
				CC18DD0D1BFB088400D607D9 /* AFHTTPRequestOperationViewController.m in Sources */,
				CC18DD091BFB068600D607D9 /* AFURLResponseSerialization.m in Sources */,
				CC18DD071BFB068600D607D9 /* AFURLConnectionOperation.m in Sources */,
				CC18DD061BFB068600D607D9 /* AFSecurityPolicy.m in Sources */,
				CC18DD041BFB068600D607D9 /* AFHTTPSessionManager.m in Sources */,
				CC18DD181BFB285D00D607D9 /* AFURLsessionMagViewController.m in Sources */,
				CC18DD081BFB068600D607D9 /* AFURLRequestSerialization.m in Sources */,
				CC18DD0A1BFB068600D607D9 /* AFURLSessionManager.m in Sources */,
				CC18DD111BFB171D00D607D9 /* AFHttpOperationMagViewController.m in Sources */,
				CC18DCCE1BFB064E00D607D9 /* AppDelegate.m in Sources */,
				CC18DCCB1BFB064E00D607D9 /* main.m in Sources */,
			);
			runOnlyForDeploymentPostprocessing = 0;
		};
		CC18DCDA1BFB064E00D607D9 /* Sources */ = {
			isa = PBXSourcesBuildPhase;
			buildActionMask = 2147483647;
			files = (
				CC18DCE51BFB064E00D607D9 /* _1_AFnetWorkingDemoTests.m in Sources */,
			);
			runOnlyForDeploymentPostprocessing = 0;
		};
/* End PBXSourcesBuildPhase section */

/* Begin PBXTargetDependency section */
		CC18DCE01BFB064E00D607D9 /* PBXTargetDependency */ = {
			isa = PBXTargetDependency;
			target = CC18DCC41BFB064E00D607D9 /* 01-AFnetWorkingDemo */;
			targetProxy = CC18DCDF1BFB064E00D607D9 /* PBXContainerItemProxy */;
		};
/* End PBXTargetDependency section */

/* Begin PBXVariantGroup section */
		CC18DCD21BFB064E00D607D9 /* Main.storyboard */ = {
			isa = PBXVariantGroup;
			children = (
				CC18DCD31BFB064E00D607D9 /* Base */,
			);
			name = Main.storyboard;
			sourceTree = "<group>";
		};
		CC18DCD71BFB064E00D607D9 /* LaunchScreen.xib */ = {
			isa = PBXVariantGroup;
			children = (
				CC18DCD81BFB064E00D607D9 /* Base */,
			);
			name = LaunchScreen.xib;
			sourceTree = "<group>";
		};
/* End PBXVariantGroup section */

/* Begin XCBuildConfiguration section */
		CC18DCE61BFB064E00D607D9 /* Debug */ = {
			isa = XCBuildConfiguration;
			buildSettings = {
				ALWAYS_SEARCH_USER_PATHS = NO;
				CLANG_CXX_LANGUAGE_STANDARD = "gnu++0x";
				CLANG_CXX_LIBRARY = "libc++";
				CLANG_ENABLE_MODULES = YES;
				CLANG_ENABLE_OBJC_ARC = YES;
				CLANG_WARN_BOOL_CONVERSION = YES;
				CLANG_WARN_CONSTANT_CONVERSION = YES;
				CLANG_WARN_DIRECT_OBJC_ISA_USAGE = YES_ERROR;
				CLANG_WARN_EMPTY_BODY = YES;
				CLANG_WARN_ENUM_CONVERSION = YES;
				CLANG_WARN_INT_CONVERSION = YES;
				CLANG_WARN_OBJC_ROOT_CLASS = YES_ERROR;
				CLANG_WARN_UNREACHABLE_CODE = YES;
				CLANG_WARN__DUPLICATE_METHOD_MATCH = YES;
				"CODE_SIGN_IDENTITY[sdk=iphoneos*]" = "iPhone Developer";
				COPY_PHASE_STRIP = NO;
				DEBUG_INFORMATION_FORMAT = "dwarf-with-dsym";
				ENABLE_STRICT_OBJC_MSGSEND = YES;
				GCC_C_LANGUAGE_STANDARD = gnu99;
				GCC_DYNAMIC_NO_PIC = NO;
				GCC_NO_COMMON_BLOCKS = YES;
				GCC_OPTIMIZATION_LEVEL = 0;
				GCC_PREPROCESSOR_DEFINITIONS = (
					"DEBUG=1",
					"$(inherited)",
				);
				GCC_SYMBOLS_PRIVATE_EXTERN = NO;
				GCC_WARN_64_TO_32_BIT_CONVERSION = YES;
				GCC_WARN_ABOUT_RETURN_TYPE = YES_ERROR;
				GCC_WARN_UNDECLARED_SELECTOR = YES;
				GCC_WARN_UNINITIALIZED_AUTOS = YES_AGGRESSIVE;
				GCC_WARN_UNUSED_FUNCTION = YES;
				GCC_WARN_UNUSED_VARIABLE = YES;
				IPHONEOS_DEPLOYMENT_TARGET = 8.3;
				MTL_ENABLE_DEBUG_INFO = YES;
				ONLY_ACTIVE_ARCH = YES;
				SDKROOT = iphoneos;
			};
			name = Debug;
		};
		CC18DCE71BFB064E00D607D9 /* Release */ = {
			isa = XCBuildConfiguration;
			buildSettings = {
				ALWAYS_SEARCH_USER_PATHS = NO;
				CLANG_CXX_LANGUAGE_STANDARD = "gnu++0x";
				CLANG_CXX_LIBRARY = "libc++";
				CLANG_ENABLE_MODULES = YES;
				CLANG_ENABLE_OBJC_ARC = YES;
				CLANG_WARN_BOOL_CONVERSION = YES;
				CLANG_WARN_CONSTANT_CONVERSION = YES;
				CLANG_WARN_DIRECT_OBJC_ISA_USAGE = YES_ERROR;
				CLANG_WARN_EMPTY_BODY = YES;
				CLANG_WARN_ENUM_CONVERSION = YES;
				CLANG_WARN_INT_CONVERSION = YES;
				CLANG_WARN_OBJC_ROOT_CLASS = YES_ERROR;
				CLANG_WARN_UNREACHABLE_CODE = YES;
				CLANG_WARN__DUPLICATE_METHOD_MATCH = YES;
				"CODE_SIGN_IDENTITY[sdk=iphoneos*]" = "iPhone Developer";
				COPY_PHASE_STRIP = NO;
				DEBUG_INFORMATION_FORMAT = "dwarf-with-dsym";
				ENABLE_NS_ASSERTIONS = NO;
				ENABLE_STRICT_OBJC_MSGSEND = YES;
				GCC_C_LANGUAGE_STANDARD = gnu99;
				GCC_NO_COMMON_BLOCKS = YES;
				GCC_WARN_64_TO_32_BIT_CONVERSION = YES;
				GCC_WARN_ABOUT_RETURN_TYPE = YES_ERROR;
				GCC_WARN_UNDECLARED_SELECTOR = YES;
				GCC_WARN_UNINITIALIZED_AUTOS = YES_AGGRESSIVE;
				GCC_WARN_UNUSED_FUNCTION = YES;
				GCC_WARN_UNUSED_VARIABLE = YES;
				IPHONEOS_DEPLOYMENT_TARGET = 8.3;
				MTL_ENABLE_DEBUG_INFO = NO;
				SDKROOT = iphoneos;
				VALIDATE_PRODUCT = YES;
			};
			name = Release;
		};
		CC18DCE91BFB064E00D607D9 /* Debug */ = {
			isa = XCBuildConfiguration;
			buildSettings = {
				ASSETCATALOG_COMPILER_APPICON_NAME = AppIcon;
				INFOPLIST_FILE = "01-AFnetWorkingDemo/Info.plist";
				LD_RUNPATH_SEARCH_PATHS = "$(inherited) @executable_path/Frameworks";
				PRODUCT_NAME = "$(TARGET_NAME)";
			};
			name = Debug;
		};
		CC18DCEA1BFB064E00D607D9 /* Release */ = {
			isa = XCBuildConfiguration;
			buildSettings = {
				ASSETCATALOG_COMPILER_APPICON_NAME = AppIcon;
				INFOPLIST_FILE = "01-AFnetWorkingDemo/Info.plist";
				LD_RUNPATH_SEARCH_PATHS = "$(inherited) @executable_path/Frameworks";
				PRODUCT_NAME = "$(TARGET_NAME)";
			};
			name = Release;
		};
		CC18DCEC1BFB064E00D607D9 /* Debug */ = {
			isa = XCBuildConfiguration;
			buildSettings = {
				BUNDLE_LOADER = "$(TEST_HOST)";
				FRAMEWORK_SEARCH_PATHS = (
					"$(SDKROOT)/Developer/Library/Frameworks",
					"$(inherited)",
				);
				GCC_PREPROCESSOR_DEFINITIONS = (
					"DEBUG=1",
					"$(inherited)",
				);
				INFOPLIST_FILE = "01-AFnetWorkingDemoTests/Info.plist";
				LD_RUNPATH_SEARCH_PATHS = "$(inherited) @executable_path/Frameworks @loader_path/Frameworks";
				PRODUCT_NAME = "$(TARGET_NAME)";
				TEST_HOST = "$(BUILT_PRODUCTS_DIR)/01-AFnetWorkingDemo.app/01-AFnetWorkingDemo";
			};
			name = Debug;
		};
		CC18DCED1BFB064E00D607D9 /* Release */ = {
			isa = XCBuildConfiguration;
			buildSettings = {
				BUNDLE_LOADER = "$(TEST_HOST)";
				FRAMEWORK_SEARCH_PATHS = (
					"$(SDKROOT)/Developer/Library/Frameworks",
					"$(inherited)",
				);
				INFOPLIST_FILE = "01-AFnetWorkingDemoTests/Info.plist";
				LD_RUNPATH_SEARCH_PATHS = "$(inherited) @executable_path/Frameworks @loader_path/Frameworks";
				PRODUCT_NAME = "$(TARGET_NAME)";
				TEST_HOST = "$(BUILT_PRODUCTS_DIR)/01-AFnetWorkingDemo.app/01-AFnetWorkingDemo";
			};
			name = Release;
		};
/* End XCBuildConfiguration section */

/* Begin XCConfigurationList section */
		CC18DCC01BFB064E00D607D9 /* Build configuration list for PBXProject "01-AFnetWorkingDemo" */ = {
			isa = XCConfigurationList;
			buildConfigurations = (
				CC18DCE61BFB064E00D607D9 /* Debug */,
				CC18DCE71BFB064E00D607D9 /* Release */,
			);
			defaultConfigurationIsVisible = 0;
			defaultConfigurationName = Release;
		};
		CC18DCE81BFB064E00D607D9 /* Build configuration list for PBXNativeTarget "01-AFnetWorkingDemo" */ = {
			isa = XCConfigurationList;
			buildConfigurations = (
				CC18DCE91BFB064E00D607D9 /* Debug */,
				CC18DCEA1BFB064E00D607D9 /* Release */,
			);
			defaultConfigurationIsVisible = 0;
		};
		CC18DCEB1BFB064E00D607D9 /* Build configuration list for PBXNativeTarget "01-AFnetWorkingDemoTests" */ = {
			isa = XCConfigurationList;
			buildConfigurations = (
				CC18DCEC1BFB064E00D607D9 /* Debug */,
				CC18DCED1BFB064E00D607D9 /* Release */,
			);
			defaultConfigurationIsVisible = 0;
		};
/* End XCConfigurationList section */
	};
	rootObject = CC18DCBD1BFB064E00D607D9 /* Project object */;
}
