// !$*UTF8*$!
{
	archiveVersion = 1;
	classes = {
	};
	objectVersion = 46;
	objects = {

/* Begin PBXBuildFile section */
		CC9DB3AD1BED9CB50058D3EF /* main.m in Sources */ = {isa = PBXBuildFile; fileRef = CC9DB3AC1BED9CB50058D3EF /* main.m */; };
		CC9DB3B01BED9CB50058D3EF /* AppDelegate.m in Sources */ = {isa = PBXBuildFile; fileRef = CC9DB3AF1BED9CB50058D3EF /* AppDelegate.m */; };
		CC9DB3B31BED9CB50058D3EF /* ViewController.m in Sources */ = {isa = PBXBuildFile; fileRef = CC9DB3B21BED9CB50058D3EF /* ViewController.m */; };
		CC9DB3B61BED9CB50058D3EF /* Main.storyboard in Resources */ = {isa = PBXBuildFile; fileRef = CC9DB3B41BED9CB50058D3EF /* Main.storyboard */; };
		CC9DB3B81BED9CB50058D3EF /* Images.xcassets in Resources */ = {isa = PBXBuildFile; fileRef = CC9DB3B71BED9CB50058D3EF /* Images.xcassets */; };
		CC9DB3BB1BED9CB50058D3EF /* LaunchScreen.xib in Resources */ = {isa = PBXBuildFile; fileRef = CC9DB3B91BED9CB50058D3EF /* LaunchScreen.xib */; };
		CC9DB3C71BED9CB50058D3EF /* _1_UIgestureDemoTests.m in Sources */ = {isa = PBXBuildFile; fileRef = CC9DB3C61BED9CB50058D3EF /* _1_UIgestureDemoTests.m */; };
/* End PBXBuildFile section */

/* Begin PBXContainerItemProxy section */
		CC9DB3C11BED9CB50058D3EF /* PBXContainerItemProxy */ = {
			isa = PBXContainerItemProxy;
			containerPortal = CC9DB39F1BED9CB50058D3EF /* Project object */;
			proxyType = 1;
			remoteGlobalIDString = CC9DB3A61BED9CB50058D3EF;
			remoteInfo = "01-UIgestureDemo";
		};
/* End PBXContainerItemProxy section */

/* Begin PBXFileReference section */
		CC9DB3A71BED9CB50058D3EF /* 01-UIgestureDemo.app */ = {isa = PBXFileReference; explicitFileType = wrapper.application; includeInIndex = 0; path = "01-UIgestureDemo.app"; sourceTree = BUILT_PRODUCTS_DIR; };
		CC9DB3AB1BED9CB50058D3EF /* Info.plist */ = {isa = PBXFileReference; lastKnownFileType = text.plist.xml; path = Info.plist; sourceTree = "<group>"; };
		CC9DB3AC1BED9CB50058D3EF /* main.m */ = {isa = PBXFileReference; lastKnownFileType = sourcecode.c.objc; path = main.m; sourceTree = "<group>"; };
		CC9DB3AE1BED9CB50058D3EF /* AppDelegate.h */ = {isa = PBXFileReference; lastKnownFileType = sourcecode.c.h; path = AppDelegate.h; sourceTree = "<group>"; };
		CC9DB3AF1BED9CB50058D3EF /* AppDelegate.m */ = {isa = PBXFileReference; lastKnownFileType = sourcecode.c.objc; path = AppDelegate.m; sourceTree = "<group>"; };
		CC9DB3B11BED9CB50058D3EF /* ViewController.h */ = {isa = PBXFileReference; lastKnownFileType = sourcecode.c.h; path = ViewController.h; sourceTree = "<group>"; };
		CC9DB3B21BED9CB50058D3EF /* ViewController.m */ = {isa = PBXFileReference; lastKnownFileType = sourcecode.c.objc; path = ViewController.m; sourceTree = "<group>"; };
		CC9DB3B51BED9CB50058D3EF /* Base */ = {isa = PBXFileReference; lastKnownFileType = file.storyboard; name = Base; path = Base.lproj/Main.storyboard; sourceTree = "<group>"; };
		CC9DB3B71BED9CB50058D3EF /* Images.xcassets */ = {isa = PBXFileReference; lastKnownFileType = folder.assetcatalog; path = Images.xcassets; sourceTree = "<group>"; };
		CC9DB3BA1BED9CB50058D3EF /* Base */ = {isa = PBXFileReference; lastKnownFileType = file.xib; name = Base; path = Base.lproj/LaunchScreen.xib; sourceTree = "<group>"; };
		CC9DB3C01BED9CB50058D3EF /* 01-UIgestureDemoTests.xctest */ = {isa = PBXFileReference; explicitFileType = wrapper.cfbundle; includeInIndex = 0; path = "01-UIgestureDemoTests.xctest"; sourceTree = BUILT_PRODUCTS_DIR; };
		CC9DB3C51BED9CB50058D3EF /* Info.plist */ = {isa = PBXFileReference; lastKnownFileType = text.plist.xml; path = Info.plist; sourceTree = "<group>"; };
		CC9DB3C61BED9CB50058D3EF /* _1_UIgestureDemoTests.m */ = {isa = PBXFileReference; lastKnownFileType = sourcecode.c.objc; path = _1_UIgestureDemoTests.m; sourceTree = "<group>"; };
/* End PBXFileReference section */

/* Begin PBXFrameworksBuildPhase section */
		CC9DB3A41BED9CB50058D3EF /* Frameworks */ = {
			isa = PBXFrameworksBuildPhase;
			buildActionMask = 2147483647;
			files = (
			);
			runOnlyForDeploymentPostprocessing = 0;
		};
		CC9DB3BD1BED9CB50058D3EF /* Frameworks */ = {
			isa = PBXFrameworksBuildPhase;
			buildActionMask = 2147483647;
			files = (
			);
			runOnlyForDeploymentPostprocessing = 0;
		};
/* End PBXFrameworksBuildPhase section */

/* Begin PBXGroup section */
		CC9DB39E1BED9CB50058D3EF = {
			isa = PBXGroup;
			children = (
				CC9DB3A91BED9CB50058D3EF /* 01-UIgestureDemo */,
				CC9DB3C31BED9CB50058D3EF /* 01-UIgestureDemoTests */,
				CC9DB3A81BED9CB50058D3EF /* Products */,
			);
			sourceTree = "<group>";
		};
		CC9DB3A81BED9CB50058D3EF /* Products */ = {
			isa = PBXGroup;
			children = (
				CC9DB3A71BED9CB50058D3EF /* 01-UIgestureDemo.app */,
				CC9DB3C01BED9CB50058D3EF /* 01-UIgestureDemoTests.xctest */,
			);
			name = Products;
			sourceTree = "<group>";
		};
		CC9DB3A91BED9CB50058D3EF /* 01-UIgestureDemo */ = {
			isa = PBXGroup;
			children = (
				CC9DB3AE1BED9CB50058D3EF /* AppDelegate.h */,
				CC9DB3AF1BED9CB50058D3EF /* AppDelegate.m */,
				CC9DB3B11BED9CB50058D3EF /* ViewController.h */,
				CC9DB3B21BED9CB50058D3EF /* ViewController.m */,
				CC9DB3B41BED9CB50058D3EF /* Main.storyboard */,
				CC9DB3B71BED9CB50058D3EF /* Images.xcassets */,
				CC9DB3B91BED9CB50058D3EF /* LaunchScreen.xib */,
				CC9DB3AA1BED9CB50058D3EF /* Supporting Files */,
			);
			path = "01-UIgestureDemo";
			sourceTree = "<group>";
		};
		CC9DB3AA1BED9CB50058D3EF /* Supporting Files */ = {
			isa = PBXGroup;
			children = (
				CC9DB3AB1BED9CB50058D3EF /* Info.plist */,
				CC9DB3AC1BED9CB50058D3EF /* main.m */,
			);
			name = "Supporting Files";
			sourceTree = "<group>";
		};
		CC9DB3C31BED9CB50058D3EF /* 01-UIgestureDemoTests */ = {
			isa = PBXGroup;
			children = (
				CC9DB3C61BED9CB50058D3EF /* _1_UIgestureDemoTests.m */,
				CC9DB3C41BED9CB50058D3EF /* Supporting Files */,
			);
			path = "01-UIgestureDemoTests";
			sourceTree = "<group>";
		};
		CC9DB3C41BED9CB50058D3EF /* Supporting Files */ = {
			isa = PBXGroup;
			children = (
				CC9DB3C51BED9CB50058D3EF /* Info.plist */,
			);
			name = "Supporting Files";
			sourceTree = "<group>";
		};
/* End PBXGroup section */

/* Begin PBXNativeTarget section */
		CC9DB3A61BED9CB50058D3EF /* 01-UIgestureDemo */ = {
			isa = PBXNativeTarget;
			buildConfigurationList = CC9DB3CA1BED9CB50058D3EF /* Build configuration list for PBXNativeTarget "01-UIgestureDemo" */;
			buildPhases = (
				CC9DB3A31BED9CB50058D3EF /* Sources */,
				CC9DB3A41BED9CB50058D3EF /* Frameworks */,
				CC9DB3A51BED9CB50058D3EF /* Resources */,
			);
			buildRules = (
			);
			dependencies = (
			);
			name = "01-UIgestureDemo";
			productName = "01-UIgestureDemo";
			productReference = CC9DB3A71BED9CB50058D3EF /* 01-UIgestureDemo.app */;
			productType = "com.apple.product-type.application";
		};
		CC9DB3BF1BED9CB50058D3EF /* 01-UIgestureDemoTests */ = {
			isa = PBXNativeTarget;
			buildConfigurationList = CC9DB3CD1BED9CB50058D3EF /* Build configuration list for PBXNativeTarget "01-UIgestureDemoTests" */;
			buildPhases = (
				CC9DB3BC1BED9CB50058D3EF /* Sources */,
				CC9DB3BD1BED9CB50058D3EF /* Frameworks */,
				CC9DB3BE1BED9CB50058D3EF /* Resources */,
			);
			buildRules = (
			);
			dependencies = (
				CC9DB3C21BED9CB50058D3EF /* PBXTargetDependency */,
			);
			name = "01-UIgestureDemoTests";
			productName = "01-UIgestureDemoTests";
			productReference = CC9DB3C01BED9CB50058D3EF /* 01-UIgestureDemoTests.xctest */;
			productType = "com.apple.product-type.bundle.unit-test";
		};
/* End PBXNativeTarget section */

/* Begin PBXProject section */
		CC9DB39F1BED9CB50058D3EF /* Project object */ = {
			isa = PBXProject;
			attributes = {
				LastUpgradeCheck = 0630;
				ORGANIZATIONNAME = hnqingyun;
				TargetAttributes = {
					CC9DB3A61BED9CB50058D3EF = {
						CreatedOnToolsVersion = 6.3;
					};
					CC9DB3BF1BED9CB50058D3EF = {
						CreatedOnToolsVersion = 6.3;
						TestTargetID = CC9DB3A61BED9CB50058D3EF;
					};
				};
			};
			buildConfigurationList = CC9DB3A21BED9CB50058D3EF /* Build configuration list for PBXProject "01-UIgestureDemo" */;
			compatibilityVersion = "Xcode 3.2";
			developmentRegion = English;
			hasScannedForEncodings = 0;
			knownRegions = (
				en,
				Base,
			);
			mainGroup = CC9DB39E1BED9CB50058D3EF;
			productRefGroup = CC9DB3A81BED9CB50058D3EF /* Products */;
			projectDirPath = "";
			projectRoot = "";
			targets = (
				CC9DB3A61BED9CB50058D3EF /* 01-UIgestureDemo */,
				CC9DB3BF1BED9CB50058D3EF /* 01-UIgestureDemoTests */,
			);
		};
/* End PBXProject section */

/* Begin PBXResourcesBuildPhase section */
		CC9DB3A51BED9CB50058D3EF /* Resources */ = {
			isa = PBXResourcesBuildPhase;
			buildActionMask = 2147483647;
			files = (
				CC9DB3B61BED9CB50058D3EF /* Main.storyboard in Resources */,
				CC9DB3BB1BED9CB50058D3EF /* LaunchScreen.xib in Resources */,
				CC9DB3B81BED9CB50058D3EF /* Images.xcassets in Resources */,
			);
			runOnlyForDeploymentPostprocessing = 0;
		};
		CC9DB3BE1BED9CB50058D3EF /* Resources */ = {
			isa = PBXResourcesBuildPhase;
			buildActionMask = 2147483647;
			files = (
			);
			runOnlyForDeploymentPostprocessing = 0;
		};
/* End PBXResourcesBuildPhase section */

/* Begin PBXSourcesBuildPhase section */
		CC9DB3A31BED9CB50058D3EF /* Sources */ = {
			isa = PBXSourcesBuildPhase;
			buildActionMask = 2147483647;
			files = (
				CC9DB3B31BED9CB50058D3EF /* ViewController.m in Sources */,
				CC9DB3B01BED9CB50058D3EF /* AppDelegate.m in Sources */,
				CC9DB3AD1BED9CB50058D3EF /* main.m in Sources */,
			);
			runOnlyForDeploymentPostprocessing = 0;
		};
		CC9DB3BC1BED9CB50058D3EF /* Sources */ = {
			isa = PBXSourcesBuildPhase;
			buildActionMask = 2147483647;
			files = (
				CC9DB3C71BED9CB50058D3EF /* _1_UIgestureDemoTests.m in Sources */,
			);
			runOnlyForDeploymentPostprocessing = 0;
		};
/* End PBXSourcesBuildPhase section */

/* Begin PBXTargetDependency section */
		CC9DB3C21BED9CB50058D3EF /* PBXTargetDependency */ = {
			isa = PBXTargetDependency;
			target = CC9DB3A61BED9CB50058D3EF /* 01-UIgestureDemo */;
			targetProxy = CC9DB3C11BED9CB50058D3EF /* PBXContainerItemProxy */;
		};
/* End PBXTargetDependency section */

/* Begin PBXVariantGroup section */
		CC9DB3B41BED9CB50058D3EF /* Main.storyboard */ = {
			isa = PBXVariantGroup;
			children = (
				CC9DB3B51BED9CB50058D3EF /* Base */,
			);
			name = Main.storyboard;
			sourceTree = "<group>";
		};
		CC9DB3B91BED9CB50058D3EF /* LaunchScreen.xib */ = {
			isa = PBXVariantGroup;
			children = (
				CC9DB3BA1BED9CB50058D3EF /* Base */,
			);
			name = LaunchScreen.xib;
			sourceTree = "<group>";
		};
/* End PBXVariantGroup section */

/* Begin XCBuildConfiguration section */
		CC9DB3C81BED9CB50058D3EF /* Debug */ = {
			isa = XCBuildConfiguration;
			buildSettings = {
				ALWAYS_SEARCH_USER_PATHS = NO;
				CLANG_CXX_LANGUAGE_STANDARD = "gnu++0x";
				CLANG_CXX_LIBRARY = "libc++";
				CLANG_ENABLE_MODULES = YES;
				CLANG_ENABLE_OBJC_ARC = YES;
				CLANG_WARN_BOOL_CONVERSION = YES;
				CLANG_WARN_CONSTANT_CONVERSION = YES;
				CLANG_WARN_DIRECT_OBJC_ISA_USAGE = YES_ERROR;
				CLANG_WARN_EMPTY_BODY = YES;
				CLANG_WARN_ENUM_CONVERSION = YES;
				CLANG_WARN_INT_CONVERSION = YES;
				CLANG_WARN_OBJC_ROOT_CLASS = YES_ERROR;
				CLANG_WARN_UNREACHABLE_CODE = YES;
				CLANG_WARN__DUPLICATE_METHOD_MATCH = YES;
				"CODE_SIGN_IDENTITY[sdk=iphoneos*]" = "iPhone Developer";
				COPY_PHASE_STRIP = NO;
				DEBUG_INFORMATION_FORMAT = "dwarf-with-dsym";
				ENABLE_STRICT_OBJC_MSGSEND = YES;
				GCC_C_LANGUAGE_STANDARD = gnu99;
				GCC_DYNAMIC_NO_PIC = NO;
				GCC_NO_COMMON_BLOCKS = YES;
				GCC_OPTIMIZATION_LEVEL = 0;
				GCC_PREPROCESSOR_DEFINITIONS = (
					"DEBUG=1",
					"$(inherited)",
				);
				GCC_SYMBOLS_PRIVATE_EXTERN = NO;
				GCC_WARN_64_TO_32_BIT_CONVERSION = YES;
				GCC_WARN_ABOUT_RETURN_TYPE = YES_ERROR;
				GCC_WARN_UNDECLARED_SELECTOR = YES;
				GCC_WARN_UNINITIALIZED_AUTOS = YES_AGGRESSIVE;
				GCC_WARN_UNUSED_FUNCTION = YES;
				GCC_WARN_UNUSED_VARIABLE = YES;
				IPHONEOS_DEPLOYMENT_TARGET = 8.3;
				MTL_ENABLE_DEBUG_INFO = YES;
				ONLY_ACTIVE_ARCH = YES;
				SDKROOT = iphoneos;
			};
			name = Debug;
		};
		CC9DB3C91BED9CB50058D3EF /* Release */ = {
			isa = XCBuildConfiguration;
			buildSettings = {
				ALWAYS_SEARCH_USER_PATHS = NO;
				CLANG_CXX_LANGUAGE_STANDARD = "gnu++0x";
				CLANG_CXX_LIBRARY = "libc++";
				CLANG_ENABLE_MODULES = YES;
				CLANG_ENABLE_OBJC_ARC = YES;
				CLANG_WARN_BOOL_CONVERSION = YES;
				CLANG_WARN_CONSTANT_CONVERSION = YES;
				CLANG_WARN_DIRECT_OBJC_ISA_USAGE = YES_ERROR;
				CLANG_WARN_EMPTY_BODY = YES;
				CLANG_WARN_ENUM_CONVERSION = YES;
				CLANG_WARN_INT_CONVERSION = YES;
				CLANG_WARN_OBJC_ROOT_CLASS = YES_ERROR;
				CLANG_WARN_UNREACHABLE_CODE = YES;
				CLANG_WARN__DUPLICATE_METHOD_MATCH = YES;
				"CODE_SIGN_IDENTITY[sdk=iphoneos*]" = "iPhone Developer";
				COPY_PHASE_STRIP = NO;
				DEBUG_INFORMATION_FORMAT = "dwarf-with-dsym";
				ENABLE_NS_ASSERTIONS = NO;
				ENABLE_STRICT_OBJC_MSGSEND = YES;
				GCC_C_LANGUAGE_STANDARD = gnu99;
				GCC_NO_COMMON_BLOCKS = YES;
				GCC_WARN_64_TO_32_BIT_CONVERSION = YES;
				GCC_WARN_ABOUT_RETURN_TYPE = YES_ERROR;
				GCC_WARN_UNDECLARED_SELECTOR = YES;
				GCC_WARN_UNINITIALIZED_AUTOS = YES_AGGRESSIVE;
				GCC_WARN_UNUSED_FUNCTION = YES;
				GCC_WARN_UNUSED_VARIABLE = YES;
				IPHONEOS_DEPLOYMENT_TARGET = 8.3;
				MTL_ENABLE_DEBUG_INFO = NO;
				SDKROOT = iphoneos;
				VALIDATE_PRODUCT = YES;
			};
			name = Release;
		};
		CC9DB3CB1BED9CB50058D3EF /* Debug */ = {
			isa = XCBuildConfiguration;
			buildSettings = {
				ASSETCATALOG_COMPILER_APPICON_NAME = AppIcon;
				INFOPLIST_FILE = "01-UIgestureDemo/Info.plist";
				LD_RUNPATH_SEARCH_PATHS = "$(inherited) @executable_path/Frameworks";
				PRODUCT_NAME = "$(TARGET_NAME)";
			};
			name = Debug;
		};
		CC9DB3CC1BED9CB50058D3EF /* Release */ = {
			isa = XCBuildConfiguration;
			buildSettings = {
				ASSETCATALOG_COMPILER_APPICON_NAME = AppIcon;
				INFOPLIST_FILE = "01-UIgestureDemo/Info.plist";
				LD_RUNPATH_SEARCH_PATHS = "$(inherited) @executable_path/Frameworks";
				PRODUCT_NAME = "$(TARGET_NAME)";
			};
			name = Release;
		};
		CC9DB3CE1BED9CB50058D3EF /* Debug */ = {
			isa = XCBuildConfiguration;
			buildSettings = {
				BUNDLE_LOADER = "$(TEST_HOST)";
				FRAMEWORK_SEARCH_PATHS = (
					"$(SDKROOT)/Developer/Library/Frameworks",
					"$(inherited)",
				);
				GCC_PREPROCESSOR_DEFINITIONS = (
					"DEBUG=1",
					"$(inherited)",
				);
				INFOPLIST_FILE = "01-UIgestureDemoTests/Info.plist";
				LD_RUNPATH_SEARCH_PATHS = "$(inherited) @executable_path/Frameworks @loader_path/Frameworks";
				PRODUCT_NAME = "$(TARGET_NAME)";
				TEST_HOST = "$(BUILT_PRODUCTS_DIR)/01-UIgestureDemo.app/01-UIgestureDemo";
			};
			name = Debug;
		};
		CC9DB3CF1BED9CB50058D3EF /* Release */ = {
			isa = XCBuildConfiguration;
			buildSettings = {
				BUNDLE_LOADER = "$(TEST_HOST)";
				FRAMEWORK_SEARCH_PATHS = (
					"$(SDKROOT)/Developer/Library/Frameworks",
					"$(inherited)",
				);
				INFOPLIST_FILE = "01-UIgestureDemoTests/Info.plist";
				LD_RUNPATH_SEARCH_PATHS = "$(inherited) @executable_path/Frameworks @loader_path/Frameworks";
				PRODUCT_NAME = "$(TARGET_NAME)";
				TEST_HOST = "$(BUILT_PRODUCTS_DIR)/01-UIgestureDemo.app/01-UIgestureDemo";
			};
			name = Release;
		};
/* End XCBuildConfiguration section */

/* Begin XCConfigurationList section */
		CC9DB3A21BED9CB50058D3EF /* Build configuration list for PBXProject "01-UIgestureDemo" */ = {
			isa = XCConfigurationList;
			buildConfigurations = (
				CC9DB3C81BED9CB50058D3EF /* Debug */,
				CC9DB3C91BED9CB50058D3EF /* Release */,
			);
			defaultConfigurationIsVisible = 0;
			defaultConfigurationName = Release;
		};
		CC9DB3CA1BED9CB50058D3EF /* Build configuration list for PBXNativeTarget "01-UIgestureDemo" */ = {
			isa = XCConfigurationList;
			buildConfigurations = (
				CC9DB3CB1BED9CB50058D3EF /* Debug */,
				CC9DB3CC1BED9CB50058D3EF /* Release */,
			);
			defaultConfigurationIsVisible = 0;
		};
		CC9DB3CD1BED9CB50058D3EF /* Build configuration list for PBXNativeTarget "01-UIgestureDemoTests" */ = {
			isa = XCConfigurationList;
			buildConfigurations = (
				CC9DB3CE1BED9CB50058D3EF /* Debug */,
				CC9DB3CF1BED9CB50058D3EF /* Release */,
			);
			defaultConfigurationIsVisible = 0;
		};
/* End XCConfigurationList section */
	};
	rootObject = CC9DB39F1BED9CB50058D3EF /* Project object */;
}
