// !$*UTF8*$!
{
	archiveVersion = 1;
	classes = {
	};
	objectVersion = 46;
	objects = {

/* Begin PBXBuildFile section */
		CC70C6C61C19249B001C18A4 /* main.m in Sources */ = {isa = PBXBuildFile; fileRef = CC70C6C51C19249B001C18A4 /* main.m */; };
		CC70C6C91C19249B001C18A4 /* AppDelegate.m in Sources */ = {isa = PBXBuildFile; fileRef = CC70C6C81C19249B001C18A4 /* AppDelegate.m */; };
		CC70C6CC1C19249B001C18A4 /* ViewController.m in Sources */ = {isa = PBXBuildFile; fileRef = CC70C6CB1C19249B001C18A4 /* ViewController.m */; };
		CC70C6CF1C19249B001C18A4 /* Main.storyboard in Resources */ = {isa = PBXBuildFile; fileRef = CC70C6CD1C19249B001C18A4 /* Main.storyboard */; };
		CC70C6D11C19249B001C18A4 /* Images.xcassets in Resources */ = {isa = PBXBuildFile; fileRef = CC70C6D01C19249B001C18A4 /* Images.xcassets */; };
		CC70C6D41C19249B001C18A4 /* LaunchScreen.xib in Resources */ = {isa = PBXBuildFile; fileRef = CC70C6D21C19249B001C18A4 /* LaunchScreen.xib */; };
		CC70C6E01C19249B001C18A4 /* _2_AutolayoutDemo2_IB_Tests.m in Sources */ = {isa = PBXBuildFile; fileRef = CC70C6DF1C19249B001C18A4 /* _2_AutolayoutDemo2_IB_Tests.m */; };
/* End PBXBuildFile section */

/* Begin PBXContainerItemProxy section */
		CC70C6DA1C19249B001C18A4 /* PBXContainerItemProxy */ = {
			isa = PBXContainerItemProxy;
			containerPortal = CC70C6B81C19249B001C18A4 /* Project object */;
			proxyType = 1;
			remoteGlobalIDString = CC70C6BF1C19249B001C18A4;
			remoteInfo = "02-AutolayoutDemo2(IB)";
		};
/* End PBXContainerItemProxy section */

/* Begin PBXFileReference section */
		CC70C6C01C19249B001C18A4 /* 02-AutolayoutDemo2(IB).app */ = {isa = PBXFileReference; explicitFileType = wrapper.application; includeInIndex = 0; path = "02-AutolayoutDemo2(IB).app"; sourceTree = BUILT_PRODUCTS_DIR; };
		CC70C6C41C19249B001C18A4 /* Info.plist */ = {isa = PBXFileReference; lastKnownFileType = text.plist.xml; path = Info.plist; sourceTree = "<group>"; };
		CC70C6C51C19249B001C18A4 /* main.m */ = {isa = PBXFileReference; lastKnownFileType = sourcecode.c.objc; path = main.m; sourceTree = "<group>"; };
		CC70C6C71C19249B001C18A4 /* AppDelegate.h */ = {isa = PBXFileReference; lastKnownFileType = sourcecode.c.h; path = AppDelegate.h; sourceTree = "<group>"; };
		CC70C6C81C19249B001C18A4 /* AppDelegate.m */ = {isa = PBXFileReference; lastKnownFileType = sourcecode.c.objc; path = AppDelegate.m; sourceTree = "<group>"; };
		CC70C6CA1C19249B001C18A4 /* ViewController.h */ = {isa = PBXFileReference; lastKnownFileType = sourcecode.c.h; path = ViewController.h; sourceTree = "<group>"; };
		CC70C6CB1C19249B001C18A4 /* ViewController.m */ = {isa = PBXFileReference; lastKnownFileType = sourcecode.c.objc; path = ViewController.m; sourceTree = "<group>"; };
		CC70C6CE1C19249B001C18A4 /* Base */ = {isa = PBXFileReference; lastKnownFileType = file.storyboard; name = Base; path = Base.lproj/Main.storyboard; sourceTree = "<group>"; };
		CC70C6D01C19249B001C18A4 /* Images.xcassets */ = {isa = PBXFileReference; lastKnownFileType = folder.assetcatalog; path = Images.xcassets; sourceTree = "<group>"; };
		CC70C6D31C19249B001C18A4 /* Base */ = {isa = PBXFileReference; lastKnownFileType = file.xib; name = Base; path = Base.lproj/LaunchScreen.xib; sourceTree = "<group>"; };
		CC70C6D91C19249B001C18A4 /* 02-AutolayoutDemo2(IB)Tests.xctest */ = {isa = PBXFileReference; explicitFileType = wrapper.cfbundle; includeInIndex = 0; path = "02-AutolayoutDemo2(IB)Tests.xctest"; sourceTree = BUILT_PRODUCTS_DIR; };
		CC70C6DE1C19249B001C18A4 /* Info.plist */ = {isa = PBXFileReference; lastKnownFileType = text.plist.xml; path = Info.plist; sourceTree = "<group>"; };
		CC70C6DF1C19249B001C18A4 /* _2_AutolayoutDemo2_IB_Tests.m */ = {isa = PBXFileReference; lastKnownFileType = sourcecode.c.objc; path = _2_AutolayoutDemo2_IB_Tests.m; sourceTree = "<group>"; };
/* End PBXFileReference section */

/* Begin PBXFrameworksBuildPhase section */
		CC70C6BD1C19249B001C18A4 /* Frameworks */ = {
			isa = PBXFrameworksBuildPhase;
			buildActionMask = 2147483647;
			files = (
			);
			runOnlyForDeploymentPostprocessing = 0;
		};
		CC70C6D61C19249B001C18A4 /* Frameworks */ = {
			isa = PBXFrameworksBuildPhase;
			buildActionMask = 2147483647;
			files = (
			);
			runOnlyForDeploymentPostprocessing = 0;
		};
/* End PBXFrameworksBuildPhase section */

/* Begin PBXGroup section */
		CC70C6B71C19249B001C18A4 = {
			isa = PBXGroup;
			children = (
				CC70C6C21C19249B001C18A4 /* 02-AutolayoutDemo2(IB) */,
				CC70C6DC1C19249B001C18A4 /* 02-AutolayoutDemo2(IB)Tests */,
				CC70C6C11C19249B001C18A4 /* Products */,
			);
			sourceTree = "<group>";
		};
		CC70C6C11C19249B001C18A4 /* Products */ = {
			isa = PBXGroup;
			children = (
				CC70C6C01C19249B001C18A4 /* 02-AutolayoutDemo2(IB).app */,
				CC70C6D91C19249B001C18A4 /* 02-AutolayoutDemo2(IB)Tests.xctest */,
			);
			name = Products;
			sourceTree = "<group>";
		};
		CC70C6C21C19249B001C18A4 /* 02-AutolayoutDemo2(IB) */ = {
			isa = PBXGroup;
			children = (
				CC70C6C71C19249B001C18A4 /* AppDelegate.h */,
				CC70C6C81C19249B001C18A4 /* AppDelegate.m */,
				CC70C6CA1C19249B001C18A4 /* ViewController.h */,
				CC70C6CB1C19249B001C18A4 /* ViewController.m */,
				CC70C6CD1C19249B001C18A4 /* Main.storyboard */,
				CC70C6D01C19249B001C18A4 /* Images.xcassets */,
				CC70C6D21C19249B001C18A4 /* LaunchScreen.xib */,
				CC70C6C31C19249B001C18A4 /* Supporting Files */,
			);
			path = "02-AutolayoutDemo2(IB)";
			sourceTree = "<group>";
		};
		CC70C6C31C19249B001C18A4 /* Supporting Files */ = {
			isa = PBXGroup;
			children = (
				CC70C6C41C19249B001C18A4 /* Info.plist */,
				CC70C6C51C19249B001C18A4 /* main.m */,
			);
			name = "Supporting Files";
			sourceTree = "<group>";
		};
		CC70C6DC1C19249B001C18A4 /* 02-AutolayoutDemo2(IB)Tests */ = {
			isa = PBXGroup;
			children = (
				CC70C6DF1C19249B001C18A4 /* _2_AutolayoutDemo2_IB_Tests.m */,
				CC70C6DD1C19249B001C18A4 /* Supporting Files */,
			);
			path = "02-AutolayoutDemo2(IB)Tests";
			sourceTree = "<group>";
		};
		CC70C6DD1C19249B001C18A4 /* Supporting Files */ = {
			isa = PBXGroup;
			children = (
				CC70C6DE1C19249B001C18A4 /* Info.plist */,
			);
			name = "Supporting Files";
			sourceTree = "<group>";
		};
/* End PBXGroup section */

/* Begin PBXNativeTarget section */
		CC70C6BF1C19249B001C18A4 /* 02-AutolayoutDemo2(IB) */ = {
			isa = PBXNativeTarget;
			buildConfigurationList = CC70C6E31C19249B001C18A4 /* Build configuration list for PBXNativeTarget "02-AutolayoutDemo2(IB)" */;
			buildPhases = (
				CC70C6BC1C19249B001C18A4 /* Sources */,
				CC70C6BD1C19249B001C18A4 /* Frameworks */,
				CC70C6BE1C19249B001C18A4 /* Resources */,
			);
			buildRules = (
			);
			dependencies = (
			);
			name = "02-AutolayoutDemo2(IB)";
			productName = "02-AutolayoutDemo2(IB)";
			productReference = CC70C6C01C19249B001C18A4 /* 02-AutolayoutDemo2(IB).app */;
			productType = "com.apple.product-type.application";
		};
		CC70C6D81C19249B001C18A4 /* 02-AutolayoutDemo2(IB)Tests */ = {
			isa = PBXNativeTarget;
			buildConfigurationList = CC70C6E61C19249B001C18A4 /* Build configuration list for PBXNativeTarget "02-AutolayoutDemo2(IB)Tests" */;
			buildPhases = (
				CC70C6D51C19249B001C18A4 /* Sources */,
				CC70C6D61C19249B001C18A4 /* Frameworks */,
				CC70C6D71C19249B001C18A4 /* Resources */,
			);
			buildRules = (
			);
			dependencies = (
				CC70C6DB1C19249B001C18A4 /* PBXTargetDependency */,
			);
			name = "02-AutolayoutDemo2(IB)Tests";
			productName = "02-AutolayoutDemo2(IB)Tests";
			productReference = CC70C6D91C19249B001C18A4 /* 02-AutolayoutDemo2(IB)Tests.xctest */;
			productType = "com.apple.product-type.bundle.unit-test";
		};
/* End PBXNativeTarget section */

/* Begin PBXProject section */
		CC70C6B81C19249B001C18A4 /* Project object */ = {
			isa = PBXProject;
			attributes = {
				LastUpgradeCheck = 0630;
				ORGANIZATIONNAME = hnqingyun;
				TargetAttributes = {
					CC70C6BF1C19249B001C18A4 = {
						CreatedOnToolsVersion = 6.3;
					};
					CC70C6D81C19249B001C18A4 = {
						CreatedOnToolsVersion = 6.3;
						TestTargetID = CC70C6BF1C19249B001C18A4;
					};
				};
			};
			buildConfigurationList = CC70C6BB1C19249B001C18A4 /* Build configuration list for PBXProject "02-AutolayoutDemo2(IB)" */;
			compatibilityVersion = "Xcode 3.2";
			developmentRegion = English;
			hasScannedForEncodings = 0;
			knownRegions = (
				en,
				Base,
			);
			mainGroup = CC70C6B71C19249B001C18A4;
			productRefGroup = CC70C6C11C19249B001C18A4 /* Products */;
			projectDirPath = "";
			projectRoot = "";
			targets = (
				CC70C6BF1C19249B001C18A4 /* 02-AutolayoutDemo2(IB) */,
				CC70C6D81C19249B001C18A4 /* 02-AutolayoutDemo2(IB)Tests */,
			);
		};
/* End PBXProject section */

/* Begin PBXResourcesBuildPhase section */
		CC70C6BE1C19249B001C18A4 /* Resources */ = {
			isa = PBXResourcesBuildPhase;
			buildActionMask = 2147483647;
			files = (
				CC70C6CF1C19249B001C18A4 /* Main.storyboard in Resources */,
				CC70C6D41C19249B001C18A4 /* LaunchScreen.xib in Resources */,
				CC70C6D11C19249B001C18A4 /* Images.xcassets in Resources */,
			);
			runOnlyForDeploymentPostprocessing = 0;
		};
		CC70C6D71C19249B001C18A4 /* Resources */ = {
			isa = PBXResourcesBuildPhase;
			buildActionMask = 2147483647;
			files = (
			);
			runOnlyForDeploymentPostprocessing = 0;
		};
/* End PBXResourcesBuildPhase section */

/* Begin PBXSourcesBuildPhase section */
		CC70C6BC1C19249B001C18A4 /* Sources */ = {
			isa = PBXSourcesBuildPhase;
			buildActionMask = 2147483647;
			files = (
				CC70C6CC1C19249B001C18A4 /* ViewController.m in Sources */,
				CC70C6C91C19249B001C18A4 /* AppDelegate.m in Sources */,
				CC70C6C61C19249B001C18A4 /* main.m in Sources */,
			);
			runOnlyForDeploymentPostprocessing = 0;
		};
		CC70C6D51C19249B001C18A4 /* Sources */ = {
			isa = PBXSourcesBuildPhase;
			buildActionMask = 2147483647;
			files = (
				CC70C6E01C19249B001C18A4 /* _2_AutolayoutDemo2_IB_Tests.m in Sources */,
			);
			runOnlyForDeploymentPostprocessing = 0;
		};
/* End PBXSourcesBuildPhase section */

/* Begin PBXTargetDependency section */
		CC70C6DB1C19249B001C18A4 /* PBXTargetDependency */ = {
			isa = PBXTargetDependency;
			target = CC70C6BF1C19249B001C18A4 /* 02-AutolayoutDemo2(IB) */;
			targetProxy = CC70C6DA1C19249B001C18A4 /* PBXContainerItemProxy */;
		};
/* End PBXTargetDependency section */

/* Begin PBXVariantGroup section */
		CC70C6CD1C19249B001C18A4 /* Main.storyboard */ = {
			isa = PBXVariantGroup;
			children = (
				CC70C6CE1C19249B001C18A4 /* Base */,
			);
			name = Main.storyboard;
			sourceTree = "<group>";
		};
		CC70C6D21C19249B001C18A4 /* LaunchScreen.xib */ = {
			isa = PBXVariantGroup;
			children = (
				CC70C6D31C19249B001C18A4 /* Base */,
			);
			name = LaunchScreen.xib;
			sourceTree = "<group>";
		};
/* End PBXVariantGroup section */

/* Begin XCBuildConfiguration section */
		CC70C6E11C19249B001C18A4 /* Debug */ = {
			isa = XCBuildConfiguration;
			buildSettings = {
				ALWAYS_SEARCH_USER_PATHS = NO;
				CLANG_CXX_LANGUAGE_STANDARD = "gnu++0x";
				CLANG_CXX_LIBRARY = "libc++";
				CLANG_ENABLE_MODULES = YES;
				CLANG_ENABLE_OBJC_ARC = YES;
				CLANG_WARN_BOOL_CONVERSION = YES;
				CLANG_WARN_CONSTANT_CONVERSION = YES;
				CLANG_WARN_DIRECT_OBJC_ISA_USAGE = YES_ERROR;
				CLANG_WARN_EMPTY_BODY = YES;
				CLANG_WARN_ENUM_CONVERSION = YES;
				CLANG_WARN_INT_CONVERSION = YES;
				CLANG_WARN_OBJC_ROOT_CLASS = YES_ERROR;
				CLANG_WARN_UNREACHABLE_CODE = YES;
				CLANG_WARN__DUPLICATE_METHOD_MATCH = YES;
				"CODE_SIGN_IDENTITY[sdk=iphoneos*]" = "iPhone Developer";
				COPY_PHASE_STRIP = NO;
				DEBUG_INFORMATION_FORMAT = "dwarf-with-dsym";
				ENABLE_STRICT_OBJC_MSGSEND = YES;
				GCC_C_LANGUAGE_STANDARD = gnu99;
				GCC_DYNAMIC_NO_PIC = NO;
				GCC_NO_COMMON_BLOCKS = YES;
				GCC_OPTIMIZATION_LEVEL = 0;
				GCC_PREPROCESSOR_DEFINITIONS = (
					"DEBUG=1",
					"$(inherited)",
				);
				GCC_SYMBOLS_PRIVATE_EXTERN = NO;
				GCC_WARN_64_TO_32_BIT_CONVERSION = YES;
				GCC_WARN_ABOUT_RETURN_TYPE = YES_ERROR;
				GCC_WARN_UNDECLARED_SELECTOR = YES;
				GCC_WARN_UNINITIALIZED_AUTOS = YES_AGGRESSIVE;
				GCC_WARN_UNUSED_FUNCTION = YES;
				GCC_WARN_UNUSED_VARIABLE = YES;
				IPHONEOS_DEPLOYMENT_TARGET = 8.3;
				MTL_ENABLE_DEBUG_INFO = YES;
				ONLY_ACTIVE_ARCH = YES;
				SDKROOT = iphoneos;
			};
			name = Debug;
		};
		CC70C6E21C19249B001C18A4 /* Release */ = {
			isa = XCBuildConfiguration;
			buildSettings = {
				ALWAYS_SEARCH_USER_PATHS = NO;
				CLANG_CXX_LANGUAGE_STANDARD = "gnu++0x";
				CLANG_CXX_LIBRARY = "libc++";
				CLANG_ENABLE_MODULES = YES;
				CLANG_ENABLE_OBJC_ARC = YES;
				CLANG_WARN_BOOL_CONVERSION = YES;
				CLANG_WARN_CONSTANT_CONVERSION = YES;
				CLANG_WARN_DIRECT_OBJC_ISA_USAGE = YES_ERROR;
				CLANG_WARN_EMPTY_BODY = YES;
				CLANG_WARN_ENUM_CONVERSION = YES;
				CLANG_WARN_INT_CONVERSION = YES;
				CLANG_WARN_OBJC_ROOT_CLASS = YES_ERROR;
				CLANG_WARN_UNREACHABLE_CODE = YES;
				CLANG_WARN__DUPLICATE_METHOD_MATCH = YES;
				"CODE_SIGN_IDENTITY[sdk=iphoneos*]" = "iPhone Developer";
				COPY_PHASE_STRIP = NO;
				DEBUG_INFORMATION_FORMAT = "dwarf-with-dsym";
				ENABLE_NS_ASSERTIONS = NO;
				ENABLE_STRICT_OBJC_MSGSEND = YES;
				GCC_C_LANGUAGE_STANDARD = gnu99;
				GCC_NO_COMMON_BLOCKS = YES;
				GCC_WARN_64_TO_32_BIT_CONVERSION = YES;
				GCC_WARN_ABOUT_RETURN_TYPE = YES_ERROR;
				GCC_WARN_UNDECLARED_SELECTOR = YES;
				GCC_WARN_UNINITIALIZED_AUTOS = YES_AGGRESSIVE;
				GCC_WARN_UNUSED_FUNCTION = YES;
				GCC_WARN_UNUSED_VARIABLE = YES;
				IPHONEOS_DEPLOYMENT_TARGET = 8.3;
				MTL_ENABLE_DEBUG_INFO = NO;
				SDKROOT = iphoneos;
				VALIDATE_PRODUCT = YES;
			};
			name = Release;
		};
		CC70C6E41C19249B001C18A4 /* Debug */ = {
			isa = XCBuildConfiguration;
			buildSettings = {
				ASSETCATALOG_COMPILER_APPICON_NAME = AppIcon;
				INFOPLIST_FILE = "02-AutolayoutDemo2(IB)/Info.plist";
				LD_RUNPATH_SEARCH_PATHS = "$(inherited) @executable_path/Frameworks";
				PRODUCT_NAME = "$(TARGET_NAME)";
			};
			name = Debug;
		};
		CC70C6E51C19249B001C18A4 /* Release */ = {
			isa = XCBuildConfiguration;
			buildSettings = {
				ASSETCATALOG_COMPILER_APPICON_NAME = AppIcon;
				INFOPLIST_FILE = "02-AutolayoutDemo2(IB)/Info.plist";
				LD_RUNPATH_SEARCH_PATHS = "$(inherited) @executable_path/Frameworks";
				PRODUCT_NAME = "$(TARGET_NAME)";
			};
			name = Release;
		};
		CC70C6E71C19249B001C18A4 /* Debug */ = {
			isa = XCBuildConfiguration;
			buildSettings = {
				BUNDLE_LOADER = "$(TEST_HOST)";
				FRAMEWORK_SEARCH_PATHS = (
					"$(SDKROOT)/Developer/Library/Frameworks",
					"$(inherited)",
				);
				GCC_PREPROCESSOR_DEFINITIONS = (
					"DEBUG=1",
					"$(inherited)",
				);
				INFOPLIST_FILE = "02-AutolayoutDemo2(IB)Tests/Info.plist";
				LD_RUNPATH_SEARCH_PATHS = "$(inherited) @executable_path/Frameworks @loader_path/Frameworks";
				PRODUCT_NAME = "$(TARGET_NAME)";
				TEST_HOST = "$(BUILT_PRODUCTS_DIR)/02-AutolayoutDemo2(IB).app/02-AutolayoutDemo2(IB)";
			};
			name = Debug;
		};
		CC70C6E81C19249B001C18A4 /* Release */ = {
			isa = XCBuildConfiguration;
			buildSettings = {
				BUNDLE_LOADER = "$(TEST_HOST)";
				FRAMEWORK_SEARCH_PATHS = (
					"$(SDKROOT)/Developer/Library/Frameworks",
					"$(inherited)",
				);
				INFOPLIST_FILE = "02-AutolayoutDemo2(IB)Tests/Info.plist";
				LD_RUNPATH_SEARCH_PATHS = "$(inherited) @executable_path/Frameworks @loader_path/Frameworks";
				PRODUCT_NAME = "$(TARGET_NAME)";
				TEST_HOST = "$(BUILT_PRODUCTS_DIR)/02-AutolayoutDemo2(IB).app/02-AutolayoutDemo2(IB)";
			};
			name = Release;
		};
/* End XCBuildConfiguration section */

/* Begin XCConfigurationList section */
		CC70C6BB1C19249B001C18A4 /* Build configuration list for PBXProject "02-AutolayoutDemo2(IB)" */ = {
			isa = XCConfigurationList;
			buildConfigurations = (
				CC70C6E11C19249B001C18A4 /* Debug */,
				CC70C6E21C19249B001C18A4 /* Release */,
			);
			defaultConfigurationIsVisible = 0;
			defaultConfigurationName = Release;
		};
		CC70C6E31C19249B001C18A4 /* Build configuration list for PBXNativeTarget "02-AutolayoutDemo2(IB)" */ = {
			isa = XCConfigurationList;
			buildConfigurations = (
				CC70C6E41C19249B001C18A4 /* Debug */,
				CC70C6E51C19249B001C18A4 /* Release */,
			);
			defaultConfigurationIsVisible = 0;
		};
		CC70C6E61C19249B001C18A4 /* Build configuration list for PBXNativeTarget "02-AutolayoutDemo2(IB)Tests" */ = {
			isa = XCConfigurationList;
			buildConfigurations = (
				CC70C6E71C19249B001C18A4 /* Debug */,
				CC70C6E81C19249B001C18A4 /* Release */,
			);
			defaultConfigurationIsVisible = 0;
		};
/* End XCConfigurationList section */
	};
	rootObject = CC70C6B81C19249B001C18A4 /* Project object */;
}
